// !$*UTF8*$!
{
	archiveVersion = 1;
	classes = {
	};
	objectVersion = 44;
	objects = {

/* Begin PBXBuildFile section */
		8D11072B0486CEB800E47090 /* InfoPlist.strings in Resources */ = {isa = PBXBuildFile; fileRef = 089C165CFE840E0CC02AAC07 /* InfoPlist.strings */; };
		8D11072D0486CEB800E47090 /* main.m in Sources */ = {isa = PBXBuildFile; fileRef = 29B97316FDCFA39411CA2CEA /* main.m */; settings = {ATTRIBUTES = (); }; };
		8D11072F0486CEB800E47090 /* Cocoa.framework in Frameworks */ = {isa = PBXBuildFile; fileRef = 1058C7A1FEA54F0111CA2CBB /* Cocoa.framework */; };
		C0238B29159FFF1F0075C7D5 /* DreamRadarSeedSearcher.nib in Resources */ = {isa = PBXBuildFile; fileRef = C0238B27159FFF1F0075C7D5 /* DreamRadarSeedSearcher.nib */; };
		C0238B3B15A08D250075C7D5 /* DreamRadarSeedSearcher.cpp in Sources */ = {isa = PBXBuildFile; fileRef = C0238B3915A08D250075C7D5 /* DreamRadarSeedSearcher.cpp */; };
		C0238B4215A09AE00075C7D5 /* DreamRadarSeedSearcherController.mm in Sources */ = {isa = PBXBuildFile; fileRef = C0238B4115A09AE00075C7D5 /* DreamRadarSeedSearcherController.mm */; };
		C0238E5915AF219C0075C7D5 /* DreamRadarSeedInspector.nib in Resources */ = {isa = PBXBuildFile; fileRef = C0238E5715AF219C0075C7D5 /* DreamRadarSeedInspector.nib */; };
		C0238E6115AF288A0075C7D5 /* DreamRadarSeedInspectorController.mm in Sources */ = {isa = PBXBuildFile; fileRef = C0238E6015AF288A0075C7D5 /* DreamRadarSeedInspectorController.mm */; };
		C0238E8E15AF42D50075C7D5 /* SpinnerSequenceTransformer.mm in Sources */ = {isa = PBXBuildFile; fileRef = C0238E8D15AF42D50075C7D5 /* SpinnerSequenceTransformer.mm */; };
		C02390D815B5A1910075C7D5 /* HiddenHollowSpawnSeedSearcher.cpp in Sources */ = {isa = PBXBuildFile; fileRef = C02390D615B5A1910075C7D5 /* HiddenHollowSpawnSeedSearcher.cpp */; };
		C02390E215B5A1DA0075C7D5 /* HiddenHollowSpawnSeedSearcher.nib in Resources */ = {isa = PBXBuildFile; fileRef = C02390E015B5A1DA0075C7D5 /* HiddenHollowSpawnSeedSearcher.nib */; };
		C023910B15B5C2880075C7D5 /* HiddenHollowSpawnSeedSearcherController.mm in Sources */ = {isa = PBXBuildFile; fileRef = C023910A15B5C2880075C7D5 /* HiddenHollowSpawnSeedSearcherController.mm */; };
		C023915815B5CA5B0075C7D5 /* HiddenHollowSlotTransformer.mm in Sources */ = {isa = PBXBuildFile; fileRef = C023915715B5CA5B0075C7D5 /* HiddenHollowSlotTransformer.mm */; };
		C023953B15C1F7D50075C7D5 /* HiddenHollowGroupTransformer.mm in Sources */ = {isa = PBXBuildFile; fileRef = C023953A15C1F7D50075C7D5 /* HiddenHollowGroupTransformer.mm */; };
		C023966E15C81CCC0075C7D5 /* IVSeedCache.cpp in Sources */ = {isa = PBXBuildFile; fileRef = C023966C15C81CCC0075C7D5 /* IVSeedCache.cpp */; };
		C03B40FE1463D21100AD59B0 /* Gen4ConfigurationController.mm in Sources */ = {isa = PBXBuildFile; fileRef = C03B40FD1463D21100AD59B0 /* Gen4ConfigurationController.mm */; };
		C05B870114626E42009166E0 /* HashedSeedMessage.cpp in Sources */ = {isa = PBXBuildFile; fileRef = C05B86FF14626E42009166E0 /* HashedSeedMessage.cpp */; };
		C0821492136D311200B6E0E5 /* HashedSeedInspectorFramesTabController.mm in Sources */ = {isa = PBXBuildFile; fileRef = C0821491136D311200B6E0E5 /* HashedSeedInspectorFramesTabController.mm */; };
		C08214B5136D373800B6E0E5 /* HashedSeedInspectorAdjacentsTabController.mm in Sources */ = {isa = PBXBuildFile; fileRef = C08214B4136D373800B6E0E5 /* HashedSeedInspectorAdjacentsTabController.mm */; };
		C08214C4136D3C5600B6E0E5 /* HashedSeedInspectorEggsTabController.mm in Sources */ = {isa = PBXBuildFile; fileRef = C08214C3136D3C5600B6E0E5 /* HashedSeedInspectorEggsTabController.mm */; };
		C0821518136EE9F600B6E0E5 /* TrainerIDFormatter.m in Sources */ = {isa = PBXBuildFile; fileRef = C0821517136EE9F600B6E0E5 /* TrainerIDFormatter.m */; };
		C08215661372F4FF00B6E0E5 /* EggSeedSearcher.cpp in Sources */ = {isa = PBXBuildFile; fileRef = C08215641372F4FF00B6E0E5 /* EggSeedSearcher.cpp */; };
		C082156D1375923500B6E0E5 /* EggSeedSearcherController.mm in Sources */ = {isa = PBXBuildFile; fileRef = C082156C1375923500B6E0E5 /* EggSeedSearcherController.mm */; };
		C082189F13895C1D00B6E0E5 /* MersenneTwisterRNG.cpp in Sources */ = {isa = PBXBuildFile; fileRef = C082189D13895C1D00B6E0E5 /* MersenneTwisterRNG.cpp */; };
		C0A0AD1B1423B9AB008C67F0 /* Gen4SeedInspectorController.mm in Sources */ = {isa = PBXBuildFile; fileRef = C0A0AD1A1423B9AB008C67F0 /* Gen4SeedInspectorController.mm */; };
		C0AA905014B4A7E4003EC28F /* CGearSeedInspector.nib in Resources */ = {isa = PBXBuildFile; fileRef = C0AA903214B4A7E4003EC28F /* CGearSeedInspector.nib */; };
		C0AA905114B4A7E4003EC28F /* CGearSeedSearcher.nib in Resources */ = {isa = PBXBuildFile; fileRef = C0AA903414B4A7E4003EC28F /* CGearSeedSearcher.nib */; };
		C0AA905214B4A7E4003EC28F /* DSParameterSearcher.nib in Resources */ = {isa = PBXBuildFile; fileRef = C0AA903614B4A7E4003EC28F /* DSParameterSearcher.nib */; };
		C0AA905314B4A7E4003EC28F /* EggSeedSearcher.nib in Resources */ = {isa = PBXBuildFile; fileRef = C0AA903814B4A7E4003EC28F /* EggSeedSearcher.nib */; };
		C0AA905414B4A7E4003EC28F /* Gen4Configuration.nib in Resources */ = {isa = PBXBuildFile; fileRef = C0AA903A14B4A7E4003EC28F /* Gen4Configuration.nib */; };
		C0AA905514B4A7E4003EC28F /* Gen4SeedInspector.nib in Resources */ = {isa = PBXBuildFile; fileRef = C0AA903C14B4A7E4003EC28F /* Gen4SeedInspector.nib */; };
		C0AA905614B4A7E4003EC28F /* Gen4SeedSearcher.nib in Resources */ = {isa = PBXBuildFile; fileRef = C0AA903E14B4A7E4003EC28F /* Gen4SeedSearcher.nib */; };
		C0AA905714B4A7E4003EC28F /* Gen5Configuration.nib in Resources */ = {isa = PBXBuildFile; fileRef = C0AA904014B4A7E4003EC28F /* Gen5Configuration.nib */; };
		C0AA905814B4A7E4003EC28F /* HashedSeedInspector.nib in Resources */ = {isa = PBXBuildFile; fileRef = C0AA904214B4A7E4003EC28F /* HashedSeedInspector.nib */; };
		C0AA905914B4A7E4003EC28F /* HashedSeedSearcher.nib in Resources */ = {isa = PBXBuildFile; fileRef = C0AA904414B4A7E4003EC28F /* HashedSeedSearcher.nib */; };
		C0AA905A14B4A7E4003EC28F /* Launcher.nib in Resources */ = {isa = PBXBuildFile; fileRef = C0AA904614B4A7E4003EC28F /* Launcher.nib */; };
		C0AA905B14B4A7E4003EC28F /* MainMenu.nib in Resources */ = {isa = PBXBuildFile; fileRef = C0AA904814B4A7E4003EC28F /* MainMenu.nib */; };
		C0AA905C14B4A7E4003EC28F /* TrainerIDSearcher.nib in Resources */ = {isa = PBXBuildFile; fileRef = C0AA904A14B4A7E4003EC28F /* TrainerIDSearcher.nib */; };
		C0AA905D14B4A7E4003EC28F /* WonderCardSeedInspector.nib in Resources */ = {isa = PBXBuildFile; fileRef = C0AA904C14B4A7E4003EC28F /* WonderCardSeedInspector.nib */; };
		C0AA905E14B4A7E4003EC28F /* WonderCardSeedSearcher.nib in Resources */ = {isa = PBXBuildFile; fileRef = C0AA904E14B4A7E4003EC28F /* WonderCardSeedSearcher.nib */; };
		C0AD806615D3F3DB00D8B07E /* B2W2ParameterSearcher.nib in Resources */ = {isa = PBXBuildFile; fileRef = C0AD806415D3F3DB00D8B07E /* B2W2ParameterSearcher.nib */; };
		C0AD806A15D3F6A300D8B07E /* B2W2ParameterSearcherController.mm in Sources */ = {isa = PBXBuildFile; fileRef = C0AD806915D3F6A300D8B07E /* B2W2ParameterSearcherController.mm */; };
		C0B53D011451CEBC00C62866 /* Gen4QuickSeedSearcher.cpp in Sources */ = {isa = PBXBuildFile; fileRef = C0B53CFF1451CEBC00C62866 /* Gen4QuickSeedSearcher.cpp */; };
		C0D1A3B8136C2C3100D6E2DA /* Utilities.mm in Sources */ = {isa = PBXBuildFile; fileRef = C0D1A3B7136C2C3100D6E2DA /* Utilities.mm */; };
		C0DA49A41507B1AB0011A473 /* ElementTransformer.mm in Sources */ = {isa = PBXBuildFile; fileRef = C0DA49A11507B1AB0011A473 /* ElementTransformer.mm */; };
		C0DA49A51507B1AB0011A473 /* NatureTransformer.mm in Sources */ = {isa = PBXBuildFile; fileRef = C0DA49A31507B1AB0011A473 /* NatureTransformer.mm */; };
		C0DA49BD1507B4CC0011A473 /* AbilityTransformer.mm in Sources */ = {isa = PBXBuildFile; fileRef = C0DA49AE1507B4CC0011A473 /* AbilityTransformer.mm */; };
		C0DA49BE1507B4CC0011A473 /* ButtonsTransformer.mm in Sources */ = {isa = PBXBuildFile; fileRef = C0DA49B01507B4CC0011A473 /* ButtonsTransformer.mm */; };
		C0DA49BF1507B4CC0011A473 /* CharacteristicTransformer.mm in Sources */ = {isa = PBXBuildFile; fileRef = C0DA49B21507B4CC0011A473 /* CharacteristicTransformer.mm */; };
		C0DA49C01507B4CC0011A473 /* UInt32DateTransformer.mm in Sources */ = {isa = PBXBuildFile; fileRef = C0DA49B41507B4CC0011A473 /* UInt32DateTransformer.mm */; };
		C0DA49C11507B4CC0011A473 /* EncounterLeadTransformer.mm in Sources */ = {isa = PBXBuildFile; fileRef = C0DA49B61507B4CC0011A473 /* EncounterLeadTransformer.mm */; };
		C0DA49C21507B4CC0011A473 /* EncounterSlotTransformer.mm in Sources */ = {isa = PBXBuildFile; fileRef = C0DA49B81507B4CC0011A473 /* EncounterSlotTransformer.mm */; };
		C0DA49C31507B4CC0011A473 /* GenderTransformer.mm in Sources */ = {isa = PBXBuildFile; fileRef = C0DA49BA1507B4CC0011A473 /* GenderTransformer.mm */; };
		C0DA49C41507B4CC0011A473 /* UInt32TimeTransformer.mm in Sources */ = {isa = PBXBuildFile; fileRef = C0DA49BC1507B4CC0011A473 /* UInt32TimeTransformer.mm */; };
		C0DA4C1A150C6B290011A473 /* SearchResultProtocols.mm in Sources */ = {isa = PBXBuildFile; fileRef = C0DA4C19150C6B290011A473 /* SearchResultProtocols.mm */; };
		C0DA4C74150CF4760011A473 /* HeldItemTransformer.mm in Sources */ = {isa = PBXBuildFile; fileRef = C0DA4C73150CF4760011A473 /* HeldItemTransformer.mm */; };
		C0DA4C8B150CF7770011A473 /* ShinyTransformer.mm in Sources */ = {isa = PBXBuildFile; fileRef = C0DA4C8A150CF7770011A473 /* ShinyTransformer.mm */; };
		C0DA4D48150E4ADA0011A473 /* ChatotPitchTransformer.mm in Sources */ = {isa = PBXBuildFile; fileRef = C0DA4D47150E4ADA0011A473 /* ChatotPitchTransformer.mm */; };
		C0DA4F6315149BAB0011A473 /* BoolToCheckmarkTransformer.mm in Sources */ = {isa = PBXBuildFile; fileRef = C0DA4F6215149BAB0011A473 /* BoolToCheckmarkTransformer.mm */; };
		C0DA5AB2152597F30011A473 /* CoinFlipsTransformer.mm in Sources */ = {isa = PBXBuildFile; fileRef = C0DA5AAF152597F30011A473 /* CoinFlipsTransformer.mm */; };
		C0DA5AB3152597F30011A473 /* DSTypeTransformer.mm in Sources */ = {isa = PBXBuildFile; fileRef = C0DA5AB1152597F30011A473 /* DSTypeTransformer.mm */; };
		C0DA5AB61525980B0011A473 /* HGSSRoamerLocationsTransformer.m in Sources */ = {isa = PBXBuildFile; fileRef = C0DA5AB51525980B0011A473 /* HGSSRoamerLocationsTransformer.m */; };
		C0DA5AB9152598140011A473 /* ProfElmResponsesTransformer.mm in Sources */ = {isa = PBXBuildFile; fileRef = C0DA5AB8152598140011A473 /* ProfElmResponsesTransformer.mm */; };
		C0DA5ABC152598220011A473 /* VersionTransformer.mm in Sources */ = {isa = PBXBuildFile; fileRef = C0DA5ABB152598220011A473 /* VersionTransformer.mm */; };
		C0DA5ACA15259C630011A473 /* StandardSeedInspectorController.mm in Sources */ = {isa = PBXBuildFile; fileRef = C0DA5AC915259C630011A473 /* StandardSeedInspectorController.mm */; };
		C0DAED071356A9CC008D00D5 /* TrainerIDSearcher.cpp in Sources */ = {isa = PBXBuildFile; fileRef = C0DAED051356A9CC008D00D5 /* TrainerIDSearcher.cpp */; };
		C0E3041B1346343400C56C1A /* PPRNGTypes.cpp in Sources */ = {isa = PBXBuildFile; fileRef = C0E303F81346343400C56C1A /* PPRNGTypes.cpp */; };
		C0E3041C1346343400C56C1A /* CGearSeedSearcher.cpp in Sources */ = {isa = PBXBuildFile; fileRef = C0E303FB1346343400C56C1A /* CGearSeedSearcher.cpp */; };
		C0E3041D1346343400C56C1A /* Frame.cpp in Sources */ = {isa = PBXBuildFile; fileRef = C0E303FE1346343400C56C1A /* Frame.cpp */; };
		C0E3041E1346343400C56C1A /* FrameGenerator.cpp in Sources */ = {isa = PBXBuildFile; fileRef = C0E304001346343400C56C1A /* FrameGenerator.cpp */; };
		C0E3041F1346343400C56C1A /* Gen34SeedSearcher.cpp in Sources */ = {isa = PBXBuildFile; fileRef = C0E304031346343400C56C1A /* Gen34SeedSearcher.cpp */; };
		C0E304201346343400C56C1A /* HashedSeed.cpp in Sources */ = {isa = PBXBuildFile; fileRef = C0E304051346343400C56C1A /* HashedSeed.cpp */; };
		C0E304211346343400C56C1A /* HashedSeedSearcher.cpp in Sources */ = {isa = PBXBuildFile; fileRef = C0E304071346343400C56C1A /* HashedSeedSearcher.cpp */; };
		C0E304221346343400C56C1A /* InitialSeedSearcher.cpp in Sources */ = {isa = PBXBuildFile; fileRef = C0E304091346343400C56C1A /* InitialSeedSearcher.cpp */; };
		C0E304241346343400C56C1A /* SeedGenerator.cpp in Sources */ = {isa = PBXBuildFile; fileRef = C0E304121346343400C56C1A /* SeedGenerator.cpp */; };
		C0E304261346343400C56C1A /* TimeSeed.cpp in Sources */ = {isa = PBXBuildFile; fileRef = C0E304171346343400C56C1A /* TimeSeed.cpp */; };
		C0E304271346343400C56C1A /* WonderCardSeedSearcher.cpp in Sources */ = {isa = PBXBuildFile; fileRef = C0E304191346343400C56C1A /* WonderCardSeedSearcher.cpp */; };
		C0E304511346349900C56C1A /* AppDelegate.mm in Sources */ = {isa = PBXBuildFile; fileRef = C0E3042A1346349900C56C1A /* AppDelegate.mm */; };
		C0E304521346349900C56C1A /* CGearSeedInspectorController.mm in Sources */ = {isa = PBXBuildFile; fileRef = C0E3042C1346349900C56C1A /* CGearSeedInspectorController.mm */; };
		C0E304531346349900C56C1A /* CGearSeedSearcherController.mm in Sources */ = {isa = PBXBuildFile; fileRef = C0E3042E1346349900C56C1A /* CGearSeedSearcherController.mm */; };
		C0E304541346349900C56C1A /* DSParameterSearcherController.mm in Sources */ = {isa = PBXBuildFile; fileRef = C0E304301346349900C56C1A /* DSParameterSearcherController.mm */; };
		C0E304561346349900C56C1A /* Gen4SeedSearcherController.mm in Sources */ = {isa = PBXBuildFile; fileRef = C0E304341346349900C56C1A /* Gen4SeedSearcherController.mm */; };
		C0E304571346349900C56C1A /* Gen5ConfigurationController.mm in Sources */ = {isa = PBXBuildFile; fileRef = C0E304361346349900C56C1A /* Gen5ConfigurationController.mm */; };
		C0E304581346349900C56C1A /* Gen5ConfigurationEditController.mm in Sources */ = {isa = PBXBuildFile; fileRef = C0E304381346349900C56C1A /* Gen5ConfigurationEditController.mm */; };
		C0E304591346349900C56C1A /* HashedSeedInspectorController.mm in Sources */ = {isa = PBXBuildFile; fileRef = C0E3043A1346349900C56C1A /* HashedSeedInspectorController.mm */; };
		C0E3045A1346349900C56C1A /* HashedSeedSearcherController.mm in Sources */ = {isa = PBXBuildFile; fileRef = C0E3043C1346349900C56C1A /* HashedSeedSearcherController.mm */; };
		C0E3045B1346349900C56C1A /* HexadecimalFormatter.m in Sources */ = {isa = PBXBuildFile; fileRef = C0E3043E1346349900C56C1A /* HexadecimalFormatter.m */; };
		C0E3045C1346349900C56C1A /* IVParameterController.mm in Sources */ = {isa = PBXBuildFile; fileRef = C0E304401346349900C56C1A /* IVParameterController.mm */; };
		C0E3045D1346349900C56C1A /* LauncherController.mm in Sources */ = {isa = PBXBuildFile; fileRef = C0E304421346349900C56C1A /* LauncherController.mm */; };
		C0E3045E1346349900C56C1A /* SearcherController.mm in Sources */ = {isa = PBXBuildFile; fileRef = C0E304441346349900C56C1A /* SearcherController.mm */; };
		C0E3045F1346349900C56C1A /* TrainerIDSearcherController.mm in Sources */ = {isa = PBXBuildFile; fileRef = C0E304461346349900C56C1A /* TrainerIDSearcherController.mm */; };
		C0E304621346349900C56C1A /* VertResizeOnlyWindowController.m in Sources */ = {isa = PBXBuildFile; fileRef = C0E3044C1346349900C56C1A /* VertResizeOnlyWindowController.m */; };
		C0E304631346349900C56C1A /* WonderCardSeedInspectorController.mm in Sources */ = {isa = PBXBuildFile; fileRef = C0E3044E1346349900C56C1A /* WonderCardSeedInspectorController.mm */; };
		C0E304641346349900C56C1A /* WonderCardSeedSearcherController.mm in Sources */ = {isa = PBXBuildFile; fileRef = C0E304501346349900C56C1A /* WonderCardSeedSearcherController.mm */; };
		C0E30466134634BF00C56C1A /* Icon.icns in Resources */ = {isa = PBXBuildFile; fileRef = C0E30465134634BF00C56C1A /* Icon.icns */; };
		C0F6D6E015405F74007C58D1 /* Gen4EggPIDSeedSearcher.cpp in Sources */ = {isa = PBXBuildFile; fileRef = C0F6D6DE15405F74007C58D1 /* Gen4EggPIDSeedSearcher.cpp */; };
		C0F6D79D15444B9F007C58D1 /* Gen4EggPIDSeedSearcher.nib in Resources */ = {isa = PBXBuildFile; fileRef = C0F6D79B15444B9F007C58D1 /* Gen4EggPIDSeedSearcher.nib */; };
		C0F6D7A015444BB6007C58D1 /* Gen4EggIVSeedSearcher.nib in Resources */ = {isa = PBXBuildFile; fileRef = C0F6D79E15444BB6007C58D1 /* Gen4EggIVSeedSearcher.nib */; };
		C0F6D7A315444BED007C58D1 /* Gen4EggPIDSeedSearcherController.mm in Sources */ = {isa = PBXBuildFile; fileRef = C0F6D7A215444BED007C58D1 /* Gen4EggPIDSeedSearcherController.mm */; };
		C0F6D87615483DCE007C58D1 /* Gen4EggIVSeedSearcherController.mm in Sources */ = {isa = PBXBuildFile; fileRef = C0F6D87515483DCE007C58D1 /* Gen4EggIVSeedSearcherController.mm */; };
		C0F6D87D15483FC0007C58D1 /* Gen4EggIVSeedSearcher.cpp in Sources */ = {isa = PBXBuildFile; fileRef = C0F6D87B15483FC0007C58D1 /* Gen4EggIVSeedSearcher.cpp */; };
		C0F864FF1529DB7A00E4FA89 /* CGearNatureSearcher.cpp in Sources */ = {isa = PBXBuildFile; fileRef = C0F864FD1529DB7A00E4FA89 /* CGearNatureSearcher.cpp */; };
		C0FA492C14433018004DA9A3 /* Gen4ConfigurationEditController.mm in Sources */ = {isa = PBXBuildFile; fileRef = C0FA492B14433018004DA9A3 /* Gen4ConfigurationEditController.mm */; };
/* End PBXBuildFile section */

/* Begin PBXFileReference section */
		089C165DFE840E0CC02AAC07 /* English */ = {isa = PBXFileReference; fileEncoding = 10; lastKnownFileType = text.plist.strings; name = English; path = English.lproj/InfoPlist.strings; sourceTree = "<group>"; };
		1058C7A1FEA54F0111CA2CBB /* Cocoa.framework */ = {isa = PBXFileReference; lastKnownFileType = wrapper.framework; name = Cocoa.framework; path = /System/Library/Frameworks/Cocoa.framework; sourceTree = "<absolute>"; };
		13E42FB307B3F0F600E4EEF1 /* CoreData.framework */ = {isa = PBXFileReference; lastKnownFileType = wrapper.framework; name = CoreData.framework; path = /System/Library/Frameworks/CoreData.framework; sourceTree = "<absolute>"; };
		29B97316FDCFA39411CA2CEA /* main.m */ = {isa = PBXFileReference; fileEncoding = 4; lastKnownFileType = sourcecode.c.objc; path = main.m; sourceTree = "<group>"; };
		29B97324FDCFA39411CA2CEA /* AppKit.framework */ = {isa = PBXFileReference; lastKnownFileType = wrapper.framework; name = AppKit.framework; path = /System/Library/Frameworks/AppKit.framework; sourceTree = "<absolute>"; };
		29B97325FDCFA39411CA2CEA /* Foundation.framework */ = {isa = PBXFileReference; lastKnownFileType = wrapper.framework; name = Foundation.framework; path = /System/Library/Frameworks/Foundation.framework; sourceTree = "<absolute>"; };
		32CA4F630368D1EE00C91783 /* PPRNG_Prefix.pch */ = {isa = PBXFileReference; fileEncoding = 4; lastKnownFileType = sourcecode.c.h; path = PPRNG_Prefix.pch; sourceTree = "<group>"; };
		8D1107310486CEB800E47090 /* Info.plist */ = {isa = PBXFileReference; fileEncoding = 4; lastKnownFileType = text.plist.xml; path = Info.plist; sourceTree = "<group>"; };
		8D1107320486CEB800E47090 /* PPRNG.app */ = {isa = PBXFileReference; explicitFileType = wrapper.application; includeInIndex = 0; path = PPRNG.app; sourceTree = BUILT_PRODUCTS_DIR; };
		C0238B28159FFF1F0075C7D5 /* English */ = {isa = PBXFileReference; lastKnownFileType = wrapper.nib; name = English; path = English.lproj/DreamRadarSeedSearcher.nib; sourceTree = "<group>"; };
		C0238B3915A08D250075C7D5 /* DreamRadarSeedSearcher.cpp */ = {isa = PBXFileReference; fileEncoding = 4; lastKnownFileType = sourcecode.cpp.cpp; path = DreamRadarSeedSearcher.cpp; sourceTree = "<group>"; };
		C0238B3A15A08D250075C7D5 /* DreamRadarSeedSearcher.h */ = {isa = PBXFileReference; fileEncoding = 4; lastKnownFileType = sourcecode.c.h; path = DreamRadarSeedSearcher.h; sourceTree = "<group>"; };
		C0238B4015A09AE00075C7D5 /* DreamRadarSeedSearcherController.h */ = {isa = PBXFileReference; fileEncoding = 4; lastKnownFileType = sourcecode.c.h; path = DreamRadarSeedSearcherController.h; sourceTree = "<group>"; };
		C0238B4115A09AE00075C7D5 /* DreamRadarSeedSearcherController.mm */ = {isa = PBXFileReference; fileEncoding = 4; lastKnownFileType = sourcecode.cpp.objcpp; path = DreamRadarSeedSearcherController.mm; sourceTree = "<group>"; };
		C0238E5815AF219C0075C7D5 /* English */ = {isa = PBXFileReference; lastKnownFileType = wrapper.nib; name = English; path = English.lproj/DreamRadarSeedInspector.nib; sourceTree = "<group>"; };
		C0238E5F15AF288A0075C7D5 /* DreamRadarSeedInspectorController.h */ = {isa = PBXFileReference; fileEncoding = 4; lastKnownFileType = sourcecode.c.h; path = DreamRadarSeedInspectorController.h; sourceTree = "<group>"; };
		C0238E6015AF288A0075C7D5 /* DreamRadarSeedInspectorController.mm */ = {isa = PBXFileReference; fileEncoding = 4; lastKnownFileType = sourcecode.cpp.objcpp; path = DreamRadarSeedInspectorController.mm; sourceTree = "<group>"; };
		C0238E8C15AF42D50075C7D5 /* SpinnerSequenceTransformer.h */ = {isa = PBXFileReference; fileEncoding = 4; lastKnownFileType = sourcecode.c.h; path = SpinnerSequenceTransformer.h; sourceTree = "<group>"; };
		C0238E8D15AF42D50075C7D5 /* SpinnerSequenceTransformer.mm */ = {isa = PBXFileReference; fileEncoding = 4; lastKnownFileType = sourcecode.cpp.objcpp; path = SpinnerSequenceTransformer.mm; sourceTree = "<group>"; };
		C02390D615B5A1910075C7D5 /* HiddenHollowSpawnSeedSearcher.cpp */ = {isa = PBXFileReference; fileEncoding = 4; lastKnownFileType = sourcecode.cpp.cpp; path = HiddenHollowSpawnSeedSearcher.cpp; sourceTree = "<group>"; };
		C02390D715B5A1910075C7D5 /* HiddenHollowSpawnSeedSearcher.h */ = {isa = PBXFileReference; fileEncoding = 4; lastKnownFileType = sourcecode.c.h; path = HiddenHollowSpawnSeedSearcher.h; sourceTree = "<group>"; };
		C02390E115B5A1DA0075C7D5 /* English */ = {isa = PBXFileReference; lastKnownFileType = wrapper.nib; name = English; path = English.lproj/HiddenHollowSpawnSeedSearcher.nib; sourceTree = "<group>"; };
		C023910915B5C2880075C7D5 /* HiddenHollowSpawnSeedSearcherController.h */ = {isa = PBXFileReference; fileEncoding = 4; lastKnownFileType = sourcecode.c.h; path = HiddenHollowSpawnSeedSearcherController.h; sourceTree = "<group>"; };
		C023910A15B5C2880075C7D5 /* HiddenHollowSpawnSeedSearcherController.mm */ = {isa = PBXFileReference; fileEncoding = 4; lastKnownFileType = sourcecode.cpp.objcpp; path = HiddenHollowSpawnSeedSearcherController.mm; sourceTree = "<group>"; };
		C023915615B5CA5B0075C7D5 /* HiddenHollowSlotTransformer.h */ = {isa = PBXFileReference; fileEncoding = 4; lastKnownFileType = sourcecode.c.h; path = HiddenHollowSlotTransformer.h; sourceTree = "<group>"; };
		C023915715B5CA5B0075C7D5 /* HiddenHollowSlotTransformer.mm */ = {isa = PBXFileReference; fileEncoding = 4; lastKnownFileType = sourcecode.cpp.objcpp; path = HiddenHollowSlotTransformer.mm; sourceTree = "<group>"; };
		C023953915C1F7D50075C7D5 /* HiddenHollowGroupTransformer.h */ = {isa = PBXFileReference; fileEncoding = 4; lastKnownFileType = sourcecode.c.h; path = HiddenHollowGroupTransformer.h; sourceTree = "<group>"; };
		C023953A15C1F7D50075C7D5 /* HiddenHollowGroupTransformer.mm */ = {isa = PBXFileReference; fileEncoding = 4; lastKnownFileType = sourcecode.cpp.objcpp; path = HiddenHollowGroupTransformer.mm; sourceTree = "<group>"; };
		C023966C15C81CCC0075C7D5 /* IVSeedCache.cpp */ = {isa = PBXFileReference; fileEncoding = 4; lastKnownFileType = sourcecode.cpp.cpp; path = IVSeedCache.cpp; sourceTree = "<group>"; };
		C023966D15C81CCC0075C7D5 /* IVSeedCache.h */ = {isa = PBXFileReference; fileEncoding = 4; lastKnownFileType = sourcecode.c.h; path = IVSeedCache.h; sourceTree = "<group>"; };
		C03B40FC1463D21100AD59B0 /* Gen4ConfigurationController.h */ = {isa = PBXFileReference; fileEncoding = 4; lastKnownFileType = sourcecode.c.h; path = Gen4ConfigurationController.h; sourceTree = "<group>"; };
		C03B40FD1463D21100AD59B0 /* Gen4ConfigurationController.mm */ = {isa = PBXFileReference; fileEncoding = 4; lastKnownFileType = sourcecode.cpp.objcpp; path = Gen4ConfigurationController.mm; sourceTree = "<group>"; };
		C05B86FF14626E42009166E0 /* HashedSeedMessage.cpp */ = {isa = PBXFileReference; fileEncoding = 4; lastKnownFileType = sourcecode.cpp.cpp; path = HashedSeedMessage.cpp; sourceTree = "<group>"; };
		C05B870014626E42009166E0 /* HashedSeedMessage.h */ = {isa = PBXFileReference; fileEncoding = 4; lastKnownFileType = sourcecode.c.h; path = HashedSeedMessage.h; sourceTree = "<group>"; };
		C0821490136D311200B6E0E5 /* HashedSeedInspectorFramesTabController.h */ = {isa = PBXFileReference; fileEncoding = 4; lastKnownFileType = sourcecode.c.h; path = HashedSeedInspectorFramesTabController.h; sourceTree = "<group>"; };
		C0821491136D311200B6E0E5 /* HashedSeedInspectorFramesTabController.mm */ = {isa = PBXFileReference; fileEncoding = 4; lastKnownFileType = sourcecode.cpp.objcpp; path = HashedSeedInspectorFramesTabController.mm; sourceTree = "<group>"; };
		C08214B3136D373800B6E0E5 /* HashedSeedInspectorAdjacentsTabController.h */ = {isa = PBXFileReference; fileEncoding = 4; lastKnownFileType = sourcecode.c.h; path = HashedSeedInspectorAdjacentsTabController.h; sourceTree = "<group>"; };
		C08214B4136D373800B6E0E5 /* HashedSeedInspectorAdjacentsTabController.mm */ = {isa = PBXFileReference; fileEncoding = 4; lastKnownFileType = sourcecode.cpp.objcpp; path = HashedSeedInspectorAdjacentsTabController.mm; sourceTree = "<group>"; };
		C08214C2136D3C5600B6E0E5 /* HashedSeedInspectorEggsTabController.h */ = {isa = PBXFileReference; fileEncoding = 4; lastKnownFileType = sourcecode.c.h; path = HashedSeedInspectorEggsTabController.h; sourceTree = "<group>"; };
		C08214C3136D3C5600B6E0E5 /* HashedSeedInspectorEggsTabController.mm */ = {isa = PBXFileReference; fileEncoding = 4; lastKnownFileType = sourcecode.cpp.objcpp; path = HashedSeedInspectorEggsTabController.mm; sourceTree = "<group>"; };
		C0821516136EE9F600B6E0E5 /* TrainerIDFormatter.h */ = {isa = PBXFileReference; fileEncoding = 4; lastKnownFileType = sourcecode.c.h; path = TrainerIDFormatter.h; sourceTree = "<group>"; };
		C0821517136EE9F600B6E0E5 /* TrainerIDFormatter.m */ = {isa = PBXFileReference; fileEncoding = 4; lastKnownFileType = sourcecode.c.objc; path = TrainerIDFormatter.m; sourceTree = "<group>"; };
		C08215641372F4FF00B6E0E5 /* EggSeedSearcher.cpp */ = {isa = PBXFileReference; fileEncoding = 4; lastKnownFileType = sourcecode.cpp.cpp; path = EggSeedSearcher.cpp; sourceTree = "<group>"; };
		C08215651372F4FF00B6E0E5 /* EggSeedSearcher.h */ = {isa = PBXFileReference; fileEncoding = 4; lastKnownFileType = sourcecode.c.h; path = EggSeedSearcher.h; sourceTree = "<group>"; };
		C082156B1375923500B6E0E5 /* EggSeedSearcherController.h */ = {isa = PBXFileReference; fileEncoding = 4; lastKnownFileType = sourcecode.c.h; path = EggSeedSearcherController.h; sourceTree = "<group>"; };
		C082156C1375923500B6E0E5 /* EggSeedSearcherController.mm */ = {isa = PBXFileReference; fileEncoding = 4; lastKnownFileType = sourcecode.cpp.objcpp; path = EggSeedSearcherController.mm; sourceTree = "<group>"; };
		C082189D13895C1D00B6E0E5 /* MersenneTwisterRNG.cpp */ = {isa = PBXFileReference; fileEncoding = 4; lastKnownFileType = sourcecode.cpp.cpp; path = MersenneTwisterRNG.cpp; sourceTree = "<group>"; };
		C082189E13895C1D00B6E0E5 /* MersenneTwisterRNG.h */ = {isa = PBXFileReference; fileEncoding = 4; lastKnownFileType = sourcecode.c.h; path = MersenneTwisterRNG.h; sourceTree = "<group>"; };
		C0A0AD191423B9AB008C67F0 /* Gen4SeedInspectorController.h */ = {isa = PBXFileReference; fileEncoding = 4; lastKnownFileType = sourcecode.c.h; path = Gen4SeedInspectorController.h; sourceTree = "<group>"; };
		C0A0AD1A1423B9AB008C67F0 /* Gen4SeedInspectorController.mm */ = {isa = PBXFileReference; fileEncoding = 4; lastKnownFileType = sourcecode.cpp.objcpp; path = Gen4SeedInspectorController.mm; sourceTree = "<group>"; };
		C0AA903314B4A7E4003EC28F /* English */ = {isa = PBXFileReference; lastKnownFileType = wrapper.nib; name = English; path = English.lproj/CGearSeedInspector.nib; sourceTree = "<group>"; };
		C0AA903514B4A7E4003EC28F /* English */ = {isa = PBXFileReference; lastKnownFileType = wrapper.nib; name = English; path = English.lproj/CGearSeedSearcher.nib; sourceTree = "<group>"; };
		C0AA903714B4A7E4003EC28F /* English */ = {isa = PBXFileReference; lastKnownFileType = wrapper.nib; name = English; path = English.lproj/DSParameterSearcher.nib; sourceTree = "<group>"; };
		C0AA903914B4A7E4003EC28F /* English */ = {isa = PBXFileReference; lastKnownFileType = wrapper.nib; name = English; path = English.lproj/EggSeedSearcher.nib; sourceTree = "<group>"; };
		C0AA903B14B4A7E4003EC28F /* English */ = {isa = PBXFileReference; lastKnownFileType = wrapper.nib; name = English; path = English.lproj/Gen4Configuration.nib; sourceTree = "<group>"; };
		C0AA903D14B4A7E4003EC28F /* English */ = {isa = PBXFileReference; lastKnownFileType = wrapper.nib; name = English; path = English.lproj/Gen4SeedInspector.nib; sourceTree = "<group>"; };
		C0AA903F14B4A7E4003EC28F /* English */ = {isa = PBXFileReference; lastKnownFileType = wrapper.nib; name = English; path = English.lproj/Gen4SeedSearcher.nib; sourceTree = "<group>"; };
		C0AA904114B4A7E4003EC28F /* English */ = {isa = PBXFileReference; lastKnownFileType = wrapper.nib; name = English; path = English.lproj/Gen5Configuration.nib; sourceTree = "<group>"; };
		C0AA904314B4A7E4003EC28F /* English */ = {isa = PBXFileReference; lastKnownFileType = wrapper.nib; name = English; path = English.lproj/HashedSeedInspector.nib; sourceTree = "<group>"; };
		C0AA904514B4A7E4003EC28F /* English */ = {isa = PBXFileReference; lastKnownFileType = wrapper.nib; name = English; path = English.lproj/HashedSeedSearcher.nib; sourceTree = "<group>"; };
		C0AA904714B4A7E4003EC28F /* English */ = {isa = PBXFileReference; lastKnownFileType = wrapper.nib; name = English; path = English.lproj/Launcher.nib; sourceTree = "<group>"; };
		C0AA904914B4A7E4003EC28F /* English */ = {isa = PBXFileReference; lastKnownFileType = wrapper.nib; name = English; path = English.lproj/MainMenu.nib; sourceTree = "<group>"; };
		C0AA904B14B4A7E4003EC28F /* English */ = {isa = PBXFileReference; lastKnownFileType = wrapper.nib; name = English; path = English.lproj/TrainerIDSearcher.nib; sourceTree = "<group>"; };
		C0AA904D14B4A7E4003EC28F /* English */ = {isa = PBXFileReference; lastKnownFileType = wrapper.nib; name = English; path = English.lproj/WonderCardSeedInspector.nib; sourceTree = "<group>"; };
		C0AA904F14B4A7E4003EC28F /* English */ = {isa = PBXFileReference; lastKnownFileType = wrapper.nib; name = English; path = English.lproj/WonderCardSeedSearcher.nib; sourceTree = "<group>"; };
		C0AD806515D3F3DB00D8B07E /* English */ = {isa = PBXFileReference; lastKnownFileType = wrapper.nib; name = English; path = English.lproj/B2W2ParameterSearcher.nib; sourceTree = "<group>"; };
		C0AD806815D3F6A300D8B07E /* B2W2ParameterSearcherController.h */ = {isa = PBXFileReference; fileEncoding = 4; lastKnownFileType = sourcecode.c.h; path = B2W2ParameterSearcherController.h; sourceTree = "<group>"; };
		C0AD806915D3F6A300D8B07E /* B2W2ParameterSearcherController.mm */ = {isa = PBXFileReference; fileEncoding = 4; lastKnownFileType = sourcecode.cpp.objcpp; path = B2W2ParameterSearcherController.mm; sourceTree = "<group>"; };
		C0B53CFF1451CEBC00C62866 /* Gen4QuickSeedSearcher.cpp */ = {isa = PBXFileReference; fileEncoding = 4; lastKnownFileType = sourcecode.cpp.cpp; path = Gen4QuickSeedSearcher.cpp; sourceTree = "<group>"; };
		C0B53D001451CEBC00C62866 /* Gen4QuickSeedSearcher.h */ = {isa = PBXFileReference; fileEncoding = 4; lastKnownFileType = sourcecode.c.h; path = Gen4QuickSeedSearcher.h; sourceTree = "<group>"; };
		C0CB35F814B827CC0043877C /* SeedSearcher.h */ = {isa = PBXFileReference; fileEncoding = 4; lastKnownFileType = sourcecode.c.h; path = SeedSearcher.h; sourceTree = "<group>"; };
		C0CB35FD14B82ECC0043877C /* SearchCriteria.h */ = {isa = PBXFileReference; fileEncoding = 4; lastKnownFileType = sourcecode.c.h; path = SearchCriteria.h; sourceTree = "<group>"; };
		C0D1A3B6136C2C3100D6E2DA /* Utilities.h */ = {isa = PBXFileReference; fileEncoding = 4; lastKnownFileType = sourcecode.c.h; path = Utilities.h; sourceTree = "<group>"; };
		C0D1A3B7136C2C3100D6E2DA /* Utilities.mm */ = {isa = PBXFileReference; fileEncoding = 4; lastKnownFileType = sourcecode.cpp.objcpp; path = Utilities.mm; sourceTree = "<group>"; };
		C0DA49A01507B1AB0011A473 /* ElementTransformer.h */ = {isa = PBXFileReference; fileEncoding = 4; lastKnownFileType = sourcecode.c.h; path = ElementTransformer.h; sourceTree = "<group>"; };
		C0DA49A11507B1AB0011A473 /* ElementTransformer.mm */ = {isa = PBXFileReference; fileEncoding = 4; lastKnownFileType = sourcecode.cpp.objcpp; path = ElementTransformer.mm; sourceTree = "<group>"; };
		C0DA49A21507B1AB0011A473 /* NatureTransformer.h */ = {isa = PBXFileReference; fileEncoding = 4; lastKnownFileType = sourcecode.c.h; path = NatureTransformer.h; sourceTree = "<group>"; };
		C0DA49A31507B1AB0011A473 /* NatureTransformer.mm */ = {isa = PBXFileReference; fileEncoding = 4; lastKnownFileType = sourcecode.cpp.objcpp; path = NatureTransformer.mm; sourceTree = "<group>"; };
		C0DA49AD1507B4CC0011A473 /* AbilityTransformer.h */ = {isa = PBXFileReference; fileEncoding = 4; lastKnownFileType = sourcecode.c.h; path = AbilityTransformer.h; sourceTree = "<group>"; };
		C0DA49AE1507B4CC0011A473 /* AbilityTransformer.mm */ = {isa = PBXFileReference; fileEncoding = 4; lastKnownFileType = sourcecode.cpp.objcpp; path = AbilityTransformer.mm; sourceTree = "<group>"; };
		C0DA49AF1507B4CC0011A473 /* ButtonsTransformer.h */ = {isa = PBXFileReference; fileEncoding = 4; lastKnownFileType = sourcecode.c.h; path = ButtonsTransformer.h; sourceTree = "<group>"; };
		C0DA49B01507B4CC0011A473 /* ButtonsTransformer.mm */ = {isa = PBXFileReference; fileEncoding = 4; lastKnownFileType = sourcecode.cpp.objcpp; path = ButtonsTransformer.mm; sourceTree = "<group>"; };
		C0DA49B11507B4CC0011A473 /* CharacteristicTransformer.h */ = {isa = PBXFileReference; fileEncoding = 4; lastKnownFileType = sourcecode.c.h; path = CharacteristicTransformer.h; sourceTree = "<group>"; };
		C0DA49B21507B4CC0011A473 /* CharacteristicTransformer.mm */ = {isa = PBXFileReference; fileEncoding = 4; lastKnownFileType = sourcecode.cpp.objcpp; path = CharacteristicTransformer.mm; sourceTree = "<group>"; };
		C0DA49B31507B4CC0011A473 /* UInt32DateTransformer.h */ = {isa = PBXFileReference; fileEncoding = 4; lastKnownFileType = sourcecode.c.h; path = UInt32DateTransformer.h; sourceTree = "<group>"; };
		C0DA49B41507B4CC0011A473 /* UInt32DateTransformer.mm */ = {isa = PBXFileReference; fileEncoding = 4; lastKnownFileType = sourcecode.cpp.objcpp; path = UInt32DateTransformer.mm; sourceTree = "<group>"; };
		C0DA49B51507B4CC0011A473 /* EncounterLeadTransformer.h */ = {isa = PBXFileReference; fileEncoding = 4; lastKnownFileType = sourcecode.c.h; path = EncounterLeadTransformer.h; sourceTree = "<group>"; };
		C0DA49B61507B4CC0011A473 /* EncounterLeadTransformer.mm */ = {isa = PBXFileReference; fileEncoding = 4; lastKnownFileType = sourcecode.cpp.objcpp; path = EncounterLeadTransformer.mm; sourceTree = "<group>"; };
		C0DA49B71507B4CC0011A473 /* EncounterSlotTransformer.h */ = {isa = PBXFileReference; fileEncoding = 4; lastKnownFileType = sourcecode.c.h; path = EncounterSlotTransformer.h; sourceTree = "<group>"; };
		C0DA49B81507B4CC0011A473 /* EncounterSlotTransformer.mm */ = {isa = PBXFileReference; fileEncoding = 4; lastKnownFileType = sourcecode.cpp.objcpp; path = EncounterSlotTransformer.mm; sourceTree = "<group>"; };
		C0DA49B91507B4CC0011A473 /* GenderTransformer.h */ = {isa = PBXFileReference; fileEncoding = 4; lastKnownFileType = sourcecode.c.h; path = GenderTransformer.h; sourceTree = "<group>"; };
		C0DA49BA1507B4CC0011A473 /* GenderTransformer.mm */ = {isa = PBXFileReference; fileEncoding = 4; lastKnownFileType = sourcecode.cpp.objcpp; path = GenderTransformer.mm; sourceTree = "<group>"; };
		C0DA49BB1507B4CC0011A473 /* UInt32TimeTransformer.h */ = {isa = PBXFileReference; fileEncoding = 4; lastKnownFileType = sourcecode.c.h; path = UInt32TimeTransformer.h; sourceTree = "<group>"; };
		C0DA49BC1507B4CC0011A473 /* UInt32TimeTransformer.mm */ = {isa = PBXFileReference; fileEncoding = 4; lastKnownFileType = sourcecode.cpp.objcpp; path = UInt32TimeTransformer.mm; sourceTree = "<group>"; };
		C0DA4C0A150BA4C40011A473 /* SearchResultProtocols.h */ = {isa = PBXFileReference; fileEncoding = 4; lastKnownFileType = sourcecode.c.h; path = SearchResultProtocols.h; sourceTree = "<group>"; };
		C0DA4C19150C6B290011A473 /* SearchResultProtocols.mm */ = {isa = PBXFileReference; fileEncoding = 4; lastKnownFileType = sourcecode.cpp.objcpp; path = SearchResultProtocols.mm; sourceTree = "<group>"; };
		C0DA4C72150CF4760011A473 /* HeldItemTransformer.h */ = {isa = PBXFileReference; fileEncoding = 4; lastKnownFileType = sourcecode.c.h; path = HeldItemTransformer.h; sourceTree = "<group>"; };
		C0DA4C73150CF4760011A473 /* HeldItemTransformer.mm */ = {isa = PBXFileReference; fileEncoding = 4; lastKnownFileType = sourcecode.cpp.objcpp; path = HeldItemTransformer.mm; sourceTree = "<group>"; };
		C0DA4C89150CF7770011A473 /* ShinyTransformer.h */ = {isa = PBXFileReference; fileEncoding = 4; lastKnownFileType = sourcecode.c.h; path = ShinyTransformer.h; sourceTree = "<group>"; };
		C0DA4C8A150CF7770011A473 /* ShinyTransformer.mm */ = {isa = PBXFileReference; fileEncoding = 4; lastKnownFileType = sourcecode.cpp.objcpp; path = ShinyTransformer.mm; sourceTree = "<group>"; };
		C0DA4D46150E4ADA0011A473 /* ChatotPitchTransformer.h */ = {isa = PBXFileReference; fileEncoding = 4; lastKnownFileType = sourcecode.c.h; path = ChatotPitchTransformer.h; sourceTree = "<group>"; };
		C0DA4D47150E4ADA0011A473 /* ChatotPitchTransformer.mm */ = {isa = PBXFileReference; fileEncoding = 4; lastKnownFileType = sourcecode.cpp.objcpp; path = ChatotPitchTransformer.mm; sourceTree = "<group>"; };
		C0DA4F6115149BAB0011A473 /* BoolToCheckmarkTransformer.h */ = {isa = PBXFileReference; fileEncoding = 4; lastKnownFileType = sourcecode.c.h; path = BoolToCheckmarkTransformer.h; sourceTree = "<group>"; };
		C0DA4F6215149BAB0011A473 /* BoolToCheckmarkTransformer.mm */ = {isa = PBXFileReference; fileEncoding = 4; lastKnownFileType = sourcecode.cpp.objcpp; path = BoolToCheckmarkTransformer.mm; sourceTree = "<group>"; };
		C0DA5AAE152597F30011A473 /* CoinFlipsTransformer.h */ = {isa = PBXFileReference; fileEncoding = 4; lastKnownFileType = sourcecode.c.h; path = CoinFlipsTransformer.h; sourceTree = "<group>"; };
		C0DA5AAF152597F30011A473 /* CoinFlipsTransformer.mm */ = {isa = PBXFileReference; fileEncoding = 4; lastKnownFileType = sourcecode.cpp.objcpp; path = CoinFlipsTransformer.mm; sourceTree = "<group>"; };
		C0DA5AB0152597F30011A473 /* DSTypeTransformer.h */ = {isa = PBXFileReference; fileEncoding = 4; lastKnownFileType = sourcecode.c.h; path = DSTypeTransformer.h; sourceTree = "<group>"; };
		C0DA5AB1152597F30011A473 /* DSTypeTransformer.mm */ = {isa = PBXFileReference; fileEncoding = 4; lastKnownFileType = sourcecode.cpp.objcpp; path = DSTypeTransformer.mm; sourceTree = "<group>"; };
		C0DA5AB41525980B0011A473 /* HGSSRoamerLocationsTransformer.h */ = {isa = PBXFileReference; fileEncoding = 4; lastKnownFileType = sourcecode.c.h; path = HGSSRoamerLocationsTransformer.h; sourceTree = "<group>"; };
		C0DA5AB51525980B0011A473 /* HGSSRoamerLocationsTransformer.m */ = {isa = PBXFileReference; fileEncoding = 4; lastKnownFileType = sourcecode.c.objc; path = HGSSRoamerLocationsTransformer.m; sourceTree = "<group>"; };
		C0DA5AB7152598140011A473 /* ProfElmResponsesTransformer.h */ = {isa = PBXFileReference; fileEncoding = 4; lastKnownFileType = sourcecode.c.h; path = ProfElmResponsesTransformer.h; sourceTree = "<group>"; };
		C0DA5AB8152598140011A473 /* ProfElmResponsesTransformer.mm */ = {isa = PBXFileReference; fileEncoding = 4; lastKnownFileType = sourcecode.cpp.objcpp; path = ProfElmResponsesTransformer.mm; sourceTree = "<group>"; };
		C0DA5ABA152598220011A473 /* VersionTransformer.h */ = {isa = PBXFileReference; fileEncoding = 4; lastKnownFileType = sourcecode.c.h; path = VersionTransformer.h; sourceTree = "<group>"; };
		C0DA5ABB152598220011A473 /* VersionTransformer.mm */ = {isa = PBXFileReference; fileEncoding = 4; lastKnownFileType = sourcecode.cpp.objcpp; path = VersionTransformer.mm; sourceTree = "<group>"; };
		C0DA5AC815259C630011A473 /* StandardSeedInspectorController.h */ = {isa = PBXFileReference; fileEncoding = 4; lastKnownFileType = sourcecode.c.h; path = StandardSeedInspectorController.h; sourceTree = "<group>"; };
		C0DA5AC915259C630011A473 /* StandardSeedInspectorController.mm */ = {isa = PBXFileReference; fileEncoding = 4; lastKnownFileType = sourcecode.cpp.objcpp; path = StandardSeedInspectorController.mm; sourceTree = "<group>"; };
		C0DAED051356A9CC008D00D5 /* TrainerIDSearcher.cpp */ = {isa = PBXFileReference; fileEncoding = 4; lastKnownFileType = sourcecode.cpp.cpp; path = TrainerIDSearcher.cpp; sourceTree = "<group>"; };
		C0DAED061356A9CC008D00D5 /* TrainerIDSearcher.h */ = {isa = PBXFileReference; fileEncoding = 4; lastKnownFileType = sourcecode.c.h; path = TrainerIDSearcher.h; sourceTree = "<group>"; };
		C0E303F81346343400C56C1A /* PPRNGTypes.cpp */ = {isa = PBXFileReference; fileEncoding = 4; lastKnownFileType = sourcecode.cpp.cpp; path = PPRNGTypes.cpp; sourceTree = "<group>"; };
		C0E303F91346343400C56C1A /* PPRNGTypes.h */ = {isa = PBXFileReference; fileEncoding = 4; lastKnownFileType = sourcecode.c.h; path = PPRNGTypes.h; sourceTree = "<group>"; };
		C0E303FA1346343400C56C1A /* CGearSeed.h */ = {isa = PBXFileReference; fileEncoding = 4; lastKnownFileType = sourcecode.c.h; path = CGearSeed.h; sourceTree = "<group>"; };
		C0E303FB1346343400C56C1A /* CGearSeedSearcher.cpp */ = {isa = PBXFileReference; fileEncoding = 4; lastKnownFileType = sourcecode.cpp.cpp; path = CGearSeedSearcher.cpp; sourceTree = "<group>"; };
		C0E303FC1346343400C56C1A /* CGearSeedSearcher.h */ = {isa = PBXFileReference; fileEncoding = 4; lastKnownFileType = sourcecode.c.h; path = CGearSeedSearcher.h; sourceTree = "<group>"; };
		C0E303FD1346343400C56C1A /* EEGA.h */ = {isa = PBXFileReference; fileEncoding = 4; lastKnownFileType = sourcecode.c.h; path = EEGA.h; sourceTree = "<group>"; };
		C0E303FE1346343400C56C1A /* Frame.cpp */ = {isa = PBXFileReference; fileEncoding = 4; lastKnownFileType = sourcecode.cpp.cpp; path = Frame.cpp; sourceTree = "<group>"; };
		C0E303FF1346343400C56C1A /* Frame.h */ = {isa = PBXFileReference; fileEncoding = 4; lastKnownFileType = sourcecode.c.h; path = Frame.h; sourceTree = "<group>"; };
		C0E304001346343400C56C1A /* FrameGenerator.cpp */ = {isa = PBXFileReference; fileEncoding = 4; lastKnownFileType = sourcecode.cpp.cpp; path = FrameGenerator.cpp; sourceTree = "<group>"; };
		C0E304011346343400C56C1A /* FrameGenerator.h */ = {isa = PBXFileReference; fileEncoding = 4; lastKnownFileType = sourcecode.c.h; path = FrameGenerator.h; sourceTree = "<group>"; };
		C0E304021346343400C56C1A /* FrameSearcher.h */ = {isa = PBXFileReference; fileEncoding = 4; lastKnownFileType = sourcecode.c.h; path = FrameSearcher.h; sourceTree = "<group>"; };
		C0E304031346343400C56C1A /* Gen34SeedSearcher.cpp */ = {isa = PBXFileReference; fileEncoding = 4; lastKnownFileType = sourcecode.cpp.cpp; path = Gen34SeedSearcher.cpp; sourceTree = "<group>"; };
		C0E304041346343400C56C1A /* Gen34SeedSearcher.h */ = {isa = PBXFileReference; fileEncoding = 4; lastKnownFileType = sourcecode.c.h; path = Gen34SeedSearcher.h; sourceTree = "<group>"; };
		C0E304051346343400C56C1A /* HashedSeed.cpp */ = {isa = PBXFileReference; fileEncoding = 4; lastKnownFileType = sourcecode.cpp.cpp; path = HashedSeed.cpp; sourceTree = "<group>"; };
		C0E304061346343400C56C1A /* HashedSeed.h */ = {isa = PBXFileReference; fileEncoding = 4; lastKnownFileType = sourcecode.c.h; path = HashedSeed.h; sourceTree = "<group>"; };
		C0E304071346343400C56C1A /* HashedSeedSearcher.cpp */ = {isa = PBXFileReference; fileEncoding = 4; lastKnownFileType = sourcecode.cpp.cpp; path = HashedSeedSearcher.cpp; sourceTree = "<group>"; };
		C0E304081346343400C56C1A /* HashedSeedSearcher.h */ = {isa = PBXFileReference; fileEncoding = 4; lastKnownFileType = sourcecode.c.h; path = HashedSeedSearcher.h; sourceTree = "<group>"; };
		C0E304091346343400C56C1A /* InitialSeedSearcher.cpp */ = {isa = PBXFileReference; fileEncoding = 4; lastKnownFileType = sourcecode.cpp.cpp; path = InitialSeedSearcher.cpp; sourceTree = "<group>"; };
		C0E3040A1346343400C56C1A /* InitialSeedSearcher.h */ = {isa = PBXFileReference; fileEncoding = 4; lastKnownFileType = sourcecode.c.h; path = InitialSeedSearcher.h; sourceTree = "<group>"; };
		C0E3040B1346343400C56C1A /* IVRNG.h */ = {isa = PBXFileReference; fileEncoding = 4; lastKnownFileType = sourcecode.c.h; path = IVRNG.h; sourceTree = "<group>"; };
		C0E3040C1346343400C56C1A /* LinearCongruentialRNG.h */ = {isa = PBXFileReference; fileEncoding = 4; lastKnownFileType = sourcecode.c.h; path = LinearCongruentialRNG.h; sourceTree = "<group>"; };
		C0E3040F1346343400C56C1A /* NextPowerOf2.h */ = {isa = PBXFileReference; fileEncoding = 4; lastKnownFileType = sourcecode.c.h; path = NextPowerOf2.h; sourceTree = "<group>"; };
		C0E304101346343400C56C1A /* PIDRNG.h */ = {isa = PBXFileReference; fileEncoding = 4; lastKnownFileType = sourcecode.c.h; path = PIDRNG.h; sourceTree = "<group>"; };
		C0E304111346343400C56C1A /* RNGWrappers.h */ = {isa = PBXFileReference; fileEncoding = 4; lastKnownFileType = sourcecode.c.h; path = RNGWrappers.h; sourceTree = "<group>"; };
		C0E304121346343400C56C1A /* SeedGenerator.cpp */ = {isa = PBXFileReference; fileEncoding = 4; lastKnownFileType = sourcecode.cpp.cpp; path = SeedGenerator.cpp; sourceTree = "<group>"; };
		C0E304131346343400C56C1A /* SeedGenerator.h */ = {isa = PBXFileReference; fileEncoding = 4; lastKnownFileType = sourcecode.c.h; path = SeedGenerator.h; sourceTree = "<group>"; };
		C0E304141346343400C56C1A /* SearchRunner.h */ = {isa = PBXFileReference; fileEncoding = 4; lastKnownFileType = sourcecode.c.h; path = SearchRunner.h; sourceTree = "<group>"; };
		C0E304171346343400C56C1A /* TimeSeed.cpp */ = {isa = PBXFileReference; fileEncoding = 4; lastKnownFileType = sourcecode.cpp.cpp; path = TimeSeed.cpp; sourceTree = "<group>"; };
		C0E304181346343400C56C1A /* TimeSeed.h */ = {isa = PBXFileReference; fileEncoding = 4; lastKnownFileType = sourcecode.c.h; path = TimeSeed.h; sourceTree = "<group>"; };
		C0E304191346343400C56C1A /* WonderCardSeedSearcher.cpp */ = {isa = PBXFileReference; fileEncoding = 4; lastKnownFileType = sourcecode.cpp.cpp; path = WonderCardSeedSearcher.cpp; sourceTree = "<group>"; };
		C0E3041A1346343400C56C1A /* WonderCardSeedSearcher.h */ = {isa = PBXFileReference; fileEncoding = 4; lastKnownFileType = sourcecode.c.h; path = WonderCardSeedSearcher.h; sourceTree = "<group>"; };
		C0E304291346349900C56C1A /* AppDelegate.h */ = {isa = PBXFileReference; fileEncoding = 4; lastKnownFileType = sourcecode.c.h; path = AppDelegate.h; sourceTree = "<group>"; };
		C0E3042A1346349900C56C1A /* AppDelegate.mm */ = {isa = PBXFileReference; fileEncoding = 4; lastKnownFileType = sourcecode.cpp.objcpp; path = AppDelegate.mm; sourceTree = "<group>"; };
		C0E3042B1346349900C56C1A /* CGearSeedInspectorController.h */ = {isa = PBXFileReference; fileEncoding = 4; lastKnownFileType = sourcecode.c.h; path = CGearSeedInspectorController.h; sourceTree = "<group>"; };
		C0E3042C1346349900C56C1A /* CGearSeedInspectorController.mm */ = {isa = PBXFileReference; fileEncoding = 4; lastKnownFileType = sourcecode.cpp.objcpp; path = CGearSeedInspectorController.mm; sourceTree = "<group>"; };
		C0E3042D1346349900C56C1A /* CGearSeedSearcherController.h */ = {isa = PBXFileReference; fileEncoding = 4; lastKnownFileType = sourcecode.c.h; path = CGearSeedSearcherController.h; sourceTree = "<group>"; };
		C0E3042E1346349900C56C1A /* CGearSeedSearcherController.mm */ = {isa = PBXFileReference; fileEncoding = 4; lastKnownFileType = sourcecode.cpp.objcpp; path = CGearSeedSearcherController.mm; sourceTree = "<group>"; };
		C0E3042F1346349900C56C1A /* DSParameterSearcherController.h */ = {isa = PBXFileReference; fileEncoding = 4; lastKnownFileType = sourcecode.c.h; path = DSParameterSearcherController.h; sourceTree = "<group>"; };
		C0E304301346349900C56C1A /* DSParameterSearcherController.mm */ = {isa = PBXFileReference; fileEncoding = 4; lastKnownFileType = sourcecode.cpp.objcpp; path = DSParameterSearcherController.mm; sourceTree = "<group>"; };
		C0E304331346349900C56C1A /* Gen4SeedSearcherController.h */ = {isa = PBXFileReference; fileEncoding = 4; lastKnownFileType = sourcecode.c.h; path = Gen4SeedSearcherController.h; sourceTree = "<group>"; };
		C0E304341346349900C56C1A /* Gen4SeedSearcherController.mm */ = {isa = PBXFileReference; fileEncoding = 4; lastKnownFileType = sourcecode.cpp.objcpp; path = Gen4SeedSearcherController.mm; sourceTree = "<group>"; };
		C0E304351346349900C56C1A /* Gen5ConfigurationController.h */ = {isa = PBXFileReference; fileEncoding = 4; lastKnownFileType = sourcecode.c.h; path = Gen5ConfigurationController.h; sourceTree = "<group>"; };
		C0E304361346349900C56C1A /* Gen5ConfigurationController.mm */ = {isa = PBXFileReference; fileEncoding = 4; lastKnownFileType = sourcecode.cpp.objcpp; path = Gen5ConfigurationController.mm; sourceTree = "<group>"; };
		C0E304371346349900C56C1A /* Gen5ConfigurationEditController.h */ = {isa = PBXFileReference; fileEncoding = 4; lastKnownFileType = sourcecode.c.h; path = Gen5ConfigurationEditController.h; sourceTree = "<group>"; };
		C0E304381346349900C56C1A /* Gen5ConfigurationEditController.mm */ = {isa = PBXFileReference; fileEncoding = 4; lastKnownFileType = sourcecode.cpp.objcpp; path = Gen5ConfigurationEditController.mm; sourceTree = "<group>"; };
		C0E304391346349900C56C1A /* HashedSeedInspectorController.h */ = {isa = PBXFileReference; fileEncoding = 4; lastKnownFileType = sourcecode.c.h; path = HashedSeedInspectorController.h; sourceTree = "<group>"; };
		C0E3043A1346349900C56C1A /* HashedSeedInspectorController.mm */ = {isa = PBXFileReference; fileEncoding = 4; lastKnownFileType = sourcecode.cpp.objcpp; path = HashedSeedInspectorController.mm; sourceTree = "<group>"; };
		C0E3043B1346349900C56C1A /* HashedSeedSearcherController.h */ = {isa = PBXFileReference; fileEncoding = 4; lastKnownFileType = sourcecode.c.h; path = HashedSeedSearcherController.h; sourceTree = "<group>"; };
		C0E3043C1346349900C56C1A /* HashedSeedSearcherController.mm */ = {isa = PBXFileReference; fileEncoding = 4; lastKnownFileType = sourcecode.cpp.objcpp; path = HashedSeedSearcherController.mm; sourceTree = "<group>"; };
		C0E3043D1346349900C56C1A /* HexadecimalFormatter.h */ = {isa = PBXFileReference; fileEncoding = 4; lastKnownFileType = sourcecode.c.h; path = HexadecimalFormatter.h; sourceTree = "<group>"; };
		C0E3043E1346349900C56C1A /* HexadecimalFormatter.m */ = {isa = PBXFileReference; fileEncoding = 4; lastKnownFileType = sourcecode.c.objc; path = HexadecimalFormatter.m; sourceTree = "<group>"; };
		C0E3043F1346349900C56C1A /* IVParameterController.h */ = {isa = PBXFileReference; fileEncoding = 4; lastKnownFileType = sourcecode.c.h; path = IVParameterController.h; sourceTree = "<group>"; };
		C0E304401346349900C56C1A /* IVParameterController.mm */ = {isa = PBXFileReference; fileEncoding = 4; lastKnownFileType = sourcecode.cpp.objcpp; path = IVParameterController.mm; sourceTree = "<group>"; };
		C0E304411346349900C56C1A /* LauncherController.h */ = {isa = PBXFileReference; fileEncoding = 4; lastKnownFileType = sourcecode.c.h; path = LauncherController.h; sourceTree = "<group>"; };
		C0E304421346349900C56C1A /* LauncherController.mm */ = {isa = PBXFileReference; fileEncoding = 4; lastKnownFileType = sourcecode.cpp.objcpp; path = LauncherController.mm; sourceTree = "<group>"; };
		C0E304431346349900C56C1A /* SearcherController.h */ = {isa = PBXFileReference; fileEncoding = 4; lastKnownFileType = sourcecode.c.h; path = SearcherController.h; sourceTree = "<group>"; };
		C0E304441346349900C56C1A /* SearcherController.mm */ = {isa = PBXFileReference; fileEncoding = 4; lastKnownFileType = sourcecode.cpp.objcpp; path = SearcherController.mm; sourceTree = "<group>"; };
		C0E304451346349900C56C1A /* TrainerIDSearcherController.h */ = {isa = PBXFileReference; fileEncoding = 4; lastKnownFileType = sourcecode.c.h; path = TrainerIDSearcherController.h; sourceTree = "<group>"; };
		C0E304461346349900C56C1A /* TrainerIDSearcherController.mm */ = {isa = PBXFileReference; fileEncoding = 4; lastKnownFileType = sourcecode.cpp.objcpp; path = TrainerIDSearcherController.mm; sourceTree = "<group>"; };
		C0E3044B1346349900C56C1A /* VertResizeOnlyWindowController.h */ = {isa = PBXFileReference; fileEncoding = 4; lastKnownFileType = sourcecode.c.h; path = VertResizeOnlyWindowController.h; sourceTree = "<group>"; };
		C0E3044C1346349900C56C1A /* VertResizeOnlyWindowController.m */ = {isa = PBXFileReference; fileEncoding = 4; lastKnownFileType = sourcecode.c.objc; path = VertResizeOnlyWindowController.m; sourceTree = "<group>"; };
		C0E3044D1346349900C56C1A /* WonderCardSeedInspectorController.h */ = {isa = PBXFileReference; fileEncoding = 4; lastKnownFileType = sourcecode.c.h; path = WonderCardSeedInspectorController.h; sourceTree = "<group>"; };
		C0E3044E1346349900C56C1A /* WonderCardSeedInspectorController.mm */ = {isa = PBXFileReference; fileEncoding = 4; lastKnownFileType = sourcecode.cpp.objcpp; path = WonderCardSeedInspectorController.mm; sourceTree = "<group>"; };
		C0E3044F1346349900C56C1A /* WonderCardSeedSearcherController.h */ = {isa = PBXFileReference; fileEncoding = 4; lastKnownFileType = sourcecode.c.h; path = WonderCardSeedSearcherController.h; sourceTree = "<group>"; };
		C0E304501346349900C56C1A /* WonderCardSeedSearcherController.mm */ = {isa = PBXFileReference; fileEncoding = 4; lastKnownFileType = sourcecode.cpp.objcpp; path = WonderCardSeedSearcherController.mm; sourceTree = "<group>"; };
		C0E30465134634BF00C56C1A /* Icon.icns */ = {isa = PBXFileReference; lastKnownFileType = image.icns; path = Icon.icns; sourceTree = "<group>"; };
		C0F6D6DE15405F74007C58D1 /* Gen4EggPIDSeedSearcher.cpp */ = {isa = PBXFileReference; fileEncoding = 4; lastKnownFileType = sourcecode.cpp.cpp; path = Gen4EggPIDSeedSearcher.cpp; sourceTree = "<group>"; };
		C0F6D6DF15405F74007C58D1 /* Gen4EggPIDSeedSearcher.h */ = {isa = PBXFileReference; fileEncoding = 4; lastKnownFileType = sourcecode.c.h; path = Gen4EggPIDSeedSearcher.h; sourceTree = "<group>"; };
		C0F6D79C15444B9F007C58D1 /* English */ = {isa = PBXFileReference; lastKnownFileType = wrapper.nib; name = English; path = English.lproj/Gen4EggPIDSeedSearcher.nib; sourceTree = "<group>"; };
		C0F6D79F15444BB6007C58D1 /* English */ = {isa = PBXFileReference; lastKnownFileType = wrapper.nib; name = English; path = English.lproj/Gen4EggIVSeedSearcher.nib; sourceTree = "<group>"; };
		C0F6D7A115444BED007C58D1 /* Gen4EggPIDSeedSearcherController.h */ = {isa = PBXFileReference; fileEncoding = 4; lastKnownFileType = sourcecode.c.h; path = Gen4EggPIDSeedSearcherController.h; sourceTree = "<group>"; };
		C0F6D7A215444BED007C58D1 /* Gen4EggPIDSeedSearcherController.mm */ = {isa = PBXFileReference; fileEncoding = 4; lastKnownFileType = sourcecode.cpp.objcpp; path = Gen4EggPIDSeedSearcherController.mm; sourceTree = "<group>"; };
		C0F6D87415483DCE007C58D1 /* Gen4EggIVSeedSearcherController.h */ = {isa = PBXFileReference; fileEncoding = 4; lastKnownFileType = sourcecode.c.h; path = Gen4EggIVSeedSearcherController.h; sourceTree = "<group>"; };
		C0F6D87515483DCE007C58D1 /* Gen4EggIVSeedSearcherController.mm */ = {isa = PBXFileReference; fileEncoding = 4; lastKnownFileType = sourcecode.cpp.objcpp; path = Gen4EggIVSeedSearcherController.mm; sourceTree = "<group>"; };
		C0F6D87B15483FC0007C58D1 /* Gen4EggIVSeedSearcher.cpp */ = {isa = PBXFileReference; fileEncoding = 4; lastKnownFileType = sourcecode.cpp.cpp; path = Gen4EggIVSeedSearcher.cpp; sourceTree = "<group>"; };
		C0F6D87C15483FC0007C58D1 /* Gen4EggIVSeedSearcher.h */ = {isa = PBXFileReference; fileEncoding = 4; lastKnownFileType = sourcecode.c.h; path = Gen4EggIVSeedSearcher.h; sourceTree = "<group>"; };
		C0F864FD1529DB7A00E4FA89 /* CGearNatureSearcher.cpp */ = {isa = PBXFileReference; fileEncoding = 4; lastKnownFileType = sourcecode.cpp.cpp; path = CGearNatureSearcher.cpp; sourceTree = "<group>"; };
		C0F864FE1529DB7A00E4FA89 /* CGearNatureSearcher.h */ = {isa = PBXFileReference; fileEncoding = 4; lastKnownFileType = sourcecode.c.h; path = CGearNatureSearcher.h; sourceTree = "<group>"; };
		C0FA492A14433018004DA9A3 /* Gen4ConfigurationEditController.h */ = {isa = PBXFileReference; fileEncoding = 4; lastKnownFileType = sourcecode.c.h; path = Gen4ConfigurationEditController.h; sourceTree = "<group>"; };
		C0FA492B14433018004DA9A3 /* Gen4ConfigurationEditController.mm */ = {isa = PBXFileReference; fileEncoding = 4; lastKnownFileType = sourcecode.cpp.objcpp; path = Gen4ConfigurationEditController.mm; sourceTree = "<group>"; };
/* End PBXFileReference section */

/* Begin PBXFrameworksBuildPhase section */
		8D11072E0486CEB800E47090 /* Frameworks */ = {
			isa = PBXFrameworksBuildPhase;
			buildActionMask = 2147483647;
			files = (
				8D11072F0486CEB800E47090 /* Cocoa.framework in Frameworks */,
			);
			runOnlyForDeploymentPostprocessing = 0;
		};
/* End PBXFrameworksBuildPhase section */

/* Begin PBXGroup section */
		080E96DDFE201D6D7F000001 /* Classes */ = {
			isa = PBXGroup;
			children = (
				C0E304291346349900C56C1A /* AppDelegate.h */,
				C0E3042A1346349900C56C1A /* AppDelegate.mm */,
				C0AD806815D3F6A300D8B07E /* B2W2ParameterSearcherController.h */,
				C0AD806915D3F6A300D8B07E /* B2W2ParameterSearcherController.mm */,
				C0E3042B1346349900C56C1A /* CGearSeedInspectorController.h */,
				C0E3042C1346349900C56C1A /* CGearSeedInspectorController.mm */,
				C0E3042D1346349900C56C1A /* CGearSeedSearcherController.h */,
				C0E3042E1346349900C56C1A /* CGearSeedSearcherController.mm */,
				C0238E5F15AF288A0075C7D5 /* DreamRadarSeedInspectorController.h */,
				C0238E6015AF288A0075C7D5 /* DreamRadarSeedInspectorController.mm */,
				C0238B4015A09AE00075C7D5 /* DreamRadarSeedSearcherController.h */,
				C0238B4115A09AE00075C7D5 /* DreamRadarSeedSearcherController.mm */,
				C0E3042F1346349900C56C1A /* DSParameterSearcherController.h */,
				C0E304301346349900C56C1A /* DSParameterSearcherController.mm */,
				C082156B1375923500B6E0E5 /* EggSeedSearcherController.h */,
				C082156C1375923500B6E0E5 /* EggSeedSearcherController.mm */,
				C03B40FC1463D21100AD59B0 /* Gen4ConfigurationController.h */,
				C03B40FD1463D21100AD59B0 /* Gen4ConfigurationController.mm */,
				C0FA492A14433018004DA9A3 /* Gen4ConfigurationEditController.h */,
				C0FA492B14433018004DA9A3 /* Gen4ConfigurationEditController.mm */,
				C0F6D87415483DCE007C58D1 /* Gen4EggIVSeedSearcherController.h */,
				C0F6D87515483DCE007C58D1 /* Gen4EggIVSeedSearcherController.mm */,
				C0F6D7A115444BED007C58D1 /* Gen4EggPIDSeedSearcherController.h */,
				C0F6D7A215444BED007C58D1 /* Gen4EggPIDSeedSearcherController.mm */,
				C0A0AD191423B9AB008C67F0 /* Gen4SeedInspectorController.h */,
				C0A0AD1A1423B9AB008C67F0 /* Gen4SeedInspectorController.mm */,
				C0E304331346349900C56C1A /* Gen4SeedSearcherController.h */,
				C0E304341346349900C56C1A /* Gen4SeedSearcherController.mm */,
				C0E304351346349900C56C1A /* Gen5ConfigurationController.h */,
				C0E304361346349900C56C1A /* Gen5ConfigurationController.mm */,
				C0E304371346349900C56C1A /* Gen5ConfigurationEditController.h */,
				C0E304381346349900C56C1A /* Gen5ConfigurationEditController.mm */,
				C08214B3136D373800B6E0E5 /* HashedSeedInspectorAdjacentsTabController.h */,
				C08214B4136D373800B6E0E5 /* HashedSeedInspectorAdjacentsTabController.mm */,
				C0E304391346349900C56C1A /* HashedSeedInspectorController.h */,
				C0E3043A1346349900C56C1A /* HashedSeedInspectorController.mm */,
				C08214C2136D3C5600B6E0E5 /* HashedSeedInspectorEggsTabController.h */,
				C08214C3136D3C5600B6E0E5 /* HashedSeedInspectorEggsTabController.mm */,
				C0821490136D311200B6E0E5 /* HashedSeedInspectorFramesTabController.h */,
				C0821491136D311200B6E0E5 /* HashedSeedInspectorFramesTabController.mm */,
				C0E3043B1346349900C56C1A /* HashedSeedSearcherController.h */,
				C0E3043C1346349900C56C1A /* HashedSeedSearcherController.mm */,
				C0E3043D1346349900C56C1A /* HexadecimalFormatter.h */,
				C0E3043E1346349900C56C1A /* HexadecimalFormatter.m */,
				C023910915B5C2880075C7D5 /* HiddenHollowSpawnSeedSearcherController.h */,
				C023910A15B5C2880075C7D5 /* HiddenHollowSpawnSeedSearcherController.mm */,
				C0E3043F1346349900C56C1A /* IVParameterController.h */,
				C0E304401346349900C56C1A /* IVParameterController.mm */,
				C0E304411346349900C56C1A /* LauncherController.h */,
				C0E304421346349900C56C1A /* LauncherController.mm */,
				C0E304431346349900C56C1A /* SearcherController.h */,
				C0E304441346349900C56C1A /* SearcherController.mm */,
				C0DA4C0A150BA4C40011A473 /* SearchResultProtocols.h */,
				C0DA4C19150C6B290011A473 /* SearchResultProtocols.mm */,
				C0DA5AC815259C630011A473 /* StandardSeedInspectorController.h */,
				C0DA5AC915259C630011A473 /* StandardSeedInspectorController.mm */,
				C0821516136EE9F600B6E0E5 /* TrainerIDFormatter.h */,
				C0821517136EE9F600B6E0E5 /* TrainerIDFormatter.m */,
				C0E304451346349900C56C1A /* TrainerIDSearcherController.h */,
				C0E304461346349900C56C1A /* TrainerIDSearcherController.mm */,
				C0D1A3B6136C2C3100D6E2DA /* Utilities.h */,
				C0D1A3B7136C2C3100D6E2DA /* Utilities.mm */,
				C0E3044B1346349900C56C1A /* VertResizeOnlyWindowController.h */,
				C0E3044C1346349900C56C1A /* VertResizeOnlyWindowController.m */,
				C0E3044D1346349900C56C1A /* WonderCardSeedInspectorController.h */,
				C0E3044E1346349900C56C1A /* WonderCardSeedInspectorController.mm */,
				C0E3044F1346349900C56C1A /* WonderCardSeedSearcherController.h */,
				C0E304501346349900C56C1A /* WonderCardSeedSearcherController.mm */,
			);
			path = Classes;
			sourceTree = "<group>";
		};
		1058C7A0FEA54F0111CA2CBB /* Linked Frameworks */ = {
			isa = PBXGroup;
			children = (
				1058C7A1FEA54F0111CA2CBB /* Cocoa.framework */,
			);
			name = "Linked Frameworks";
			sourceTree = "<group>";
		};
		1058C7A2FEA54F0111CA2CBB /* Other Frameworks */ = {
			isa = PBXGroup;
			children = (
				29B97324FDCFA39411CA2CEA /* AppKit.framework */,
				13E42FB307B3F0F600E4EEF1 /* CoreData.framework */,
				29B97325FDCFA39411CA2CEA /* Foundation.framework */,
			);
			name = "Other Frameworks";
			sourceTree = "<group>";
		};
		19C28FACFE9D520D11CA2CBB /* Products */ = {
			isa = PBXGroup;
			children = (
				8D1107320486CEB800E47090 /* PPRNG.app */,
			);
			name = Products;
			sourceTree = "<group>";
		};
		29B97314FDCFA39411CA2CEA /* PPRNG */ = {
			isa = PBXGroup;
			children = (
				C0E303F71346343400C56C1A /* libpprng */,
				080E96DDFE201D6D7F000001 /* Classes */,
				C0DA499F1507B1AB0011A473 /* Transformers */,
				29B97315FDCFA39411CA2CEA /* Other Sources */,
				29B97317FDCFA39411CA2CEA /* Resources */,
				29B97323FDCFA39411CA2CEA /* Frameworks */,
				19C28FACFE9D520D11CA2CBB /* Products */,
			);
			name = PPRNG;
			sourceTree = "<group>";
		};
		29B97315FDCFA39411CA2CEA /* Other Sources */ = {
			isa = PBXGroup;
			children = (
				32CA4F630368D1EE00C91783 /* PPRNG_Prefix.pch */,
				29B97316FDCFA39411CA2CEA /* main.m */,
			);
			name = "Other Sources";
			sourceTree = "<group>";
		};
		29B97317FDCFA39411CA2CEA /* Resources */ = {
			isa = PBXGroup;
			children = (
				C0AD806415D3F3DB00D8B07E /* B2W2ParameterSearcher.nib */,
				C0AA903214B4A7E4003EC28F /* CGearSeedInspector.nib */,
				C0AA903414B4A7E4003EC28F /* CGearSeedSearcher.nib */,
				C0238E5715AF219C0075C7D5 /* DreamRadarSeedInspector.nib */,
				C0238B27159FFF1F0075C7D5 /* DreamRadarSeedSearcher.nib */,
				C0AA903614B4A7E4003EC28F /* DSParameterSearcher.nib */,
				C0AA903814B4A7E4003EC28F /* EggSeedSearcher.nib */,
				C0AA903A14B4A7E4003EC28F /* Gen4Configuration.nib */,
				C0F6D79E15444BB6007C58D1 /* Gen4EggIVSeedSearcher.nib */,
				C0F6D79B15444B9F007C58D1 /* Gen4EggPIDSeedSearcher.nib */,
				C0AA903C14B4A7E4003EC28F /* Gen4SeedInspector.nib */,
				C0AA903E14B4A7E4003EC28F /* Gen4SeedSearcher.nib */,
				C0AA904014B4A7E4003EC28F /* Gen5Configuration.nib */,
				C0AA904214B4A7E4003EC28F /* HashedSeedInspector.nib */,
				C0AA904414B4A7E4003EC28F /* HashedSeedSearcher.nib */,
				C02390E015B5A1DA0075C7D5 /* HiddenHollowSpawnSeedSearcher.nib */,
				C0AA904614B4A7E4003EC28F /* Launcher.nib */,
				C0AA904814B4A7E4003EC28F /* MainMenu.nib */,
				C0AA904A14B4A7E4003EC28F /* TrainerIDSearcher.nib */,
				C0AA904C14B4A7E4003EC28F /* WonderCardSeedInspector.nib */,
				C0AA904E14B4A7E4003EC28F /* WonderCardSeedSearcher.nib */,
				C0E30465134634BF00C56C1A /* Icon.icns */,
				8D1107310486CEB800E47090 /* Info.plist */,
				089C165CFE840E0CC02AAC07 /* InfoPlist.strings */,
			);
			name = Resources;
			sourceTree = "<group>";
		};
		29B97323FDCFA39411CA2CEA /* Frameworks */ = {
			isa = PBXGroup;
			children = (
				1058C7A0FEA54F0111CA2CBB /* Linked Frameworks */,
				1058C7A2FEA54F0111CA2CBB /* Other Frameworks */,
			);
			name = Frameworks;
			sourceTree = "<group>";
		};
		C0DA499F1507B1AB0011A473 /* Transformers */ = {
			isa = PBXGroup;
			children = (
				C0DA49AD1507B4CC0011A473 /* AbilityTransformer.h */,
				C0DA49AE1507B4CC0011A473 /* AbilityTransformer.mm */,
				C0DA4F6115149BAB0011A473 /* BoolToCheckmarkTransformer.h */,
				C0DA4F6215149BAB0011A473 /* BoolToCheckmarkTransformer.mm */,
				C0DA49AF1507B4CC0011A473 /* ButtonsTransformer.h */,
				C0DA49B01507B4CC0011A473 /* ButtonsTransformer.mm */,
				C0DA49B11507B4CC0011A473 /* CharacteristicTransformer.h */,
				C0DA49B21507B4CC0011A473 /* CharacteristicTransformer.mm */,
				C0DA4D46150E4ADA0011A473 /* ChatotPitchTransformer.h */,
				C0DA4D47150E4ADA0011A473 /* ChatotPitchTransformer.mm */,
				C0DA5AAE152597F30011A473 /* CoinFlipsTransformer.h */,
				C0DA5AAF152597F30011A473 /* CoinFlipsTransformer.mm */,
				C0DA5AB0152597F30011A473 /* DSTypeTransformer.h */,
				C0DA5AB1152597F30011A473 /* DSTypeTransformer.mm */,
				C0DA49A01507B1AB0011A473 /* ElementTransformer.h */,
				C0DA49A11507B1AB0011A473 /* ElementTransformer.mm */,
				C0DA49B51507B4CC0011A473 /* EncounterLeadTransformer.h */,
				C0DA49B61507B4CC0011A473 /* EncounterLeadTransformer.mm */,
				C0DA49B71507B4CC0011A473 /* EncounterSlotTransformer.h */,
				C0DA49B81507B4CC0011A473 /* EncounterSlotTransformer.mm */,
				C0DA49B91507B4CC0011A473 /* GenderTransformer.h */,
				C0DA49BA1507B4CC0011A473 /* GenderTransformer.mm */,
				C0DA4C72150CF4760011A473 /* HeldItemTransformer.h */,
				C0DA4C73150CF4760011A473 /* HeldItemTransformer.mm */,
				C0DA5AB41525980B0011A473 /* HGSSRoamerLocationsTransformer.h */,
				C0DA5AB51525980B0011A473 /* HGSSRoamerLocationsTransformer.m */,
				C023953915C1F7D50075C7D5 /* HiddenHollowGroupTransformer.h */,
				C023953A15C1F7D50075C7D5 /* HiddenHollowGroupTransformer.mm */,
				C023915615B5CA5B0075C7D5 /* HiddenHollowSlotTransformer.h */,
				C023915715B5CA5B0075C7D5 /* HiddenHollowSlotTransformer.mm */,
				C0DA49A21507B1AB0011A473 /* NatureTransformer.h */,
				C0DA49A31507B1AB0011A473 /* NatureTransformer.mm */,
				C0DA5AB7152598140011A473 /* ProfElmResponsesTransformer.h */,
				C0DA5AB8152598140011A473 /* ProfElmResponsesTransformer.mm */,
				C0DA4C89150CF7770011A473 /* ShinyTransformer.h */,
				C0DA4C8A150CF7770011A473 /* ShinyTransformer.mm */,
				C0238E8C15AF42D50075C7D5 /* SpinnerSequenceTransformer.h */,
				C0238E8D15AF42D50075C7D5 /* SpinnerSequenceTransformer.mm */,
				C0DA49B31507B4CC0011A473 /* UInt32DateTransformer.h */,
				C0DA49B41507B4CC0011A473 /* UInt32DateTransformer.mm */,
				C0DA49BB1507B4CC0011A473 /* UInt32TimeTransformer.h */,
				C0DA49BC1507B4CC0011A473 /* UInt32TimeTransformer.mm */,
				C0DA5ABA152598220011A473 /* VersionTransformer.h */,
				C0DA5ABB152598220011A473 /* VersionTransformer.mm */,
			);
			path = Transformers;
			sourceTree = "<group>";
		};
		C0E303F71346343400C56C1A /* libpprng */ = {
			isa = PBXGroup;
			children = (
				C0E303F81346343400C56C1A /* PPRNGTypes.cpp */,
				C0E303F91346343400C56C1A /* PPRNGTypes.h */,
				C0F864FD1529DB7A00E4FA89 /* CGearNatureSearcher.cpp */,
				C0F864FE1529DB7A00E4FA89 /* CGearNatureSearcher.h */,
				C0E303FA1346343400C56C1A /* CGearSeed.h */,
				C0E303FB1346343400C56C1A /* CGearSeedSearcher.cpp */,
				C0E303FC1346343400C56C1A /* CGearSeedSearcher.h */,
				C0238B3915A08D250075C7D5 /* DreamRadarSeedSearcher.cpp */,
				C0238B3A15A08D250075C7D5 /* DreamRadarSeedSearcher.h */,
				C0E303FD1346343400C56C1A /* EEGA.h */,
				C08215641372F4FF00B6E0E5 /* EggSeedSearcher.cpp */,
				C08215651372F4FF00B6E0E5 /* EggSeedSearcher.h */,
				C0E303FE1346343400C56C1A /* Frame.cpp */,
				C0E303FF1346343400C56C1A /* Frame.h */,
				C0E304001346343400C56C1A /* FrameGenerator.cpp */,
				C0E304011346343400C56C1A /* FrameGenerator.h */,
				C0E304021346343400C56C1A /* FrameSearcher.h */,
				C0E304031346343400C56C1A /* Gen34SeedSearcher.cpp */,
				C0E304041346343400C56C1A /* Gen34SeedSearcher.h */,
				C0F6D87B15483FC0007C58D1 /* Gen4EggIVSeedSearcher.cpp */,
				C0F6D87C15483FC0007C58D1 /* Gen4EggIVSeedSearcher.h */,
				C0F6D6DE15405F74007C58D1 /* Gen4EggPIDSeedSearcher.cpp */,
				C0F6D6DF15405F74007C58D1 /* Gen4EggPIDSeedSearcher.h */,
				C0B53CFF1451CEBC00C62866 /* Gen4QuickSeedSearcher.cpp */,
				C0B53D001451CEBC00C62866 /* Gen4QuickSeedSearcher.h */,
				C0E304051346343400C56C1A /* HashedSeed.cpp */,
				C0E304061346343400C56C1A /* HashedSeed.h */,
				C05B86FF14626E42009166E0 /* HashedSeedMessage.cpp */,
				C05B870014626E42009166E0 /* HashedSeedMessage.h */,
				C0E304071346343400C56C1A /* HashedSeedSearcher.cpp */,
				C0E304081346343400C56C1A /* HashedSeedSearcher.h */,
				C02390D615B5A1910075C7D5 /* HiddenHollowSpawnSeedSearcher.cpp */,
				C02390D715B5A1910075C7D5 /* HiddenHollowSpawnSeedSearcher.h */,
				C0E3040B1346343400C56C1A /* IVRNG.h */,
				C023966C15C81CCC0075C7D5 /* IVSeedCache.cpp */,
				C023966D15C81CCC0075C7D5 /* IVSeedCache.h */,
				C0E304091346343400C56C1A /* InitialSeedSearcher.cpp */,
				C0E3040A1346343400C56C1A /* InitialSeedSearcher.h */,
				C0E3040C1346343400C56C1A /* LinearCongruentialRNG.h */,
				C082189D13895C1D00B6E0E5 /* MersenneTwisterRNG.cpp */,
				C082189E13895C1D00B6E0E5 /* MersenneTwisterRNG.h */,
				C0E3040F1346343400C56C1A /* NextPowerOf2.h */,
				C0E304101346343400C56C1A /* PIDRNG.h */,
				C0E304111346343400C56C1A /* RNGWrappers.h */,
				C0CB35FD14B82ECC0043877C /* SearchCriteria.h */,
				C0E304141346343400C56C1A /* SearchRunner.h */,
				C0E304121346343400C56C1A /* SeedGenerator.cpp */,
				C0E304131346343400C56C1A /* SeedGenerator.h */,
				C0CB35F814B827CC0043877C /* SeedSearcher.h */,
				C0E304171346343400C56C1A /* TimeSeed.cpp */,
				C0E304181346343400C56C1A /* TimeSeed.h */,
				C0DAED051356A9CC008D00D5 /* TrainerIDSearcher.cpp */,
				C0DAED061356A9CC008D00D5 /* TrainerIDSearcher.h */,
				C0E304191346343400C56C1A /* WonderCardSeedSearcher.cpp */,
				C0E3041A1346343400C56C1A /* WonderCardSeedSearcher.h */,
			);
			name = libpprng;
			path = ../libpprng;
			sourceTree = SOURCE_ROOT;
		};
/* End PBXGroup section */

/* Begin PBXNativeTarget section */
		8D1107260486CEB800E47090 /* PPRNG */ = {
			isa = PBXNativeTarget;
			buildConfigurationList = C01FCF4A08A954540054247B /* Build configuration list for PBXNativeTarget "PPRNG" */;
			buildPhases = (
				8D1107290486CEB800E47090 /* Resources */,
				8D11072C0486CEB800E47090 /* Sources */,
				8D11072E0486CEB800E47090 /* Frameworks */,
			);
			buildRules = (
			);
			dependencies = (
			);
			name = PPRNG;
			productInstallPath = "$(HOME)/Applications";
			productName = PPRNG;
			productReference = 8D1107320486CEB800E47090 /* PPRNG.app */;
			productType = "com.apple.product-type.application";
		};
/* End PBXNativeTarget section */

/* Begin PBXProject section */
		29B97313FDCFA39411CA2CEA /* Project object */ = {
			isa = PBXProject;
			buildConfigurationList = C01FCF4E08A954540054247B /* Build configuration list for PBXProject "PPRNG" */;
			compatibilityVersion = "Xcode 3.0";
			developmentRegion = English;
			hasScannedForEncodings = 1;
			knownRegions = (
				English,
				Japanese,
				French,
				German,
			);
			mainGroup = 29B97314FDCFA39411CA2CEA /* PPRNG */;
			projectDirPath = "";
			projectRoot = "";
			targets = (
				8D1107260486CEB800E47090 /* PPRNG */,
			);
		};
/* End PBXProject section */

/* Begin PBXResourcesBuildPhase section */
		8D1107290486CEB800E47090 /* Resources */ = {
			isa = PBXResourcesBuildPhase;
			buildActionMask = 2147483647;
			files = (
				8D11072B0486CEB800E47090 /* InfoPlist.strings in Resources */,
				C0E30466134634BF00C56C1A /* Icon.icns in Resources */,
				C0AA905014B4A7E4003EC28F /* CGearSeedInspector.nib in Resources */,
				C0AA905114B4A7E4003EC28F /* CGearSeedSearcher.nib in Resources */,
				C0AA905214B4A7E4003EC28F /* DSParameterSearcher.nib in Resources */,
				C0AA905314B4A7E4003EC28F /* EggSeedSearcher.nib in Resources */,
				C0AA905414B4A7E4003EC28F /* Gen4Configuration.nib in Resources */,
				C0AA905514B4A7E4003EC28F /* Gen4SeedInspector.nib in Resources */,
				C0AA905614B4A7E4003EC28F /* Gen4SeedSearcher.nib in Resources */,
				C0AA905714B4A7E4003EC28F /* Gen5Configuration.nib in Resources */,
				C0AA905814B4A7E4003EC28F /* HashedSeedInspector.nib in Resources */,
				C0AA905914B4A7E4003EC28F /* HashedSeedSearcher.nib in Resources */,
				C0AA905A14B4A7E4003EC28F /* Launcher.nib in Resources */,
				C0AA905B14B4A7E4003EC28F /* MainMenu.nib in Resources */,
				C0AA905C14B4A7E4003EC28F /* TrainerIDSearcher.nib in Resources */,
				C0AA905D14B4A7E4003EC28F /* WonderCardSeedInspector.nib in Resources */,
				C0AA905E14B4A7E4003EC28F /* WonderCardSeedSearcher.nib in Resources */,
				C0F6D79D15444B9F007C58D1 /* Gen4EggPIDSeedSearcher.nib in Resources */,
				C0F6D7A015444BB6007C58D1 /* Gen4EggIVSeedSearcher.nib in Resources */,
				C0238B29159FFF1F0075C7D5 /* DreamRadarSeedSearcher.nib in Resources */,
				C0238E5915AF219C0075C7D5 /* DreamRadarSeedInspector.nib in Resources */,
				C02390E215B5A1DA0075C7D5 /* HiddenHollowSpawnSeedSearcher.nib in Resources */,
				C0AD806615D3F3DB00D8B07E /* B2W2ParameterSearcher.nib in Resources */,
			);
			runOnlyForDeploymentPostprocessing = 0;
		};
/* End PBXResourcesBuildPhase section */

/* Begin PBXSourcesBuildPhase section */
		8D11072C0486CEB800E47090 /* Sources */ = {
			isa = PBXSourcesBuildPhase;
			buildActionMask = 2147483647;
			files = (
				8D11072D0486CEB800E47090 /* main.m in Sources */,
				C0E3041B1346343400C56C1A /* PPRNGTypes.cpp in Sources */,
				C0E3041C1346343400C56C1A /* CGearSeedSearcher.cpp in Sources */,
				C0E3041D1346343400C56C1A /* Frame.cpp in Sources */,
				C0E3041E1346343400C56C1A /* FrameGenerator.cpp in Sources */,
				C0E3041F1346343400C56C1A /* Gen34SeedSearcher.cpp in Sources */,
				C0E304201346343400C56C1A /* HashedSeed.cpp in Sources */,
				C0E304211346343400C56C1A /* HashedSeedSearcher.cpp in Sources */,
				C0E304221346343400C56C1A /* InitialSeedSearcher.cpp in Sources */,
				C0E304241346343400C56C1A /* SeedGenerator.cpp in Sources */,
				C0E304261346343400C56C1A /* TimeSeed.cpp in Sources */,
				C0E304271346343400C56C1A /* WonderCardSeedSearcher.cpp in Sources */,
				C0E304511346349900C56C1A /* AppDelegate.mm in Sources */,
				C0E304521346349900C56C1A /* CGearSeedInspectorController.mm in Sources */,
				C0E304531346349900C56C1A /* CGearSeedSearcherController.mm in Sources */,
				C0E304541346349900C56C1A /* DSParameterSearcherController.mm in Sources */,
				C0E304561346349900C56C1A /* Gen4SeedSearcherController.mm in Sources */,
				C0E304571346349900C56C1A /* Gen5ConfigurationController.mm in Sources */,
				C0E304581346349900C56C1A /* Gen5ConfigurationEditController.mm in Sources */,
				C0E304591346349900C56C1A /* HashedSeedInspectorController.mm in Sources */,
				C0E3045A1346349900C56C1A /* HashedSeedSearcherController.mm in Sources */,
				C0E3045B1346349900C56C1A /* HexadecimalFormatter.m in Sources */,
				C0E3045C1346349900C56C1A /* IVParameterController.mm in Sources */,
				C0E3045D1346349900C56C1A /* LauncherController.mm in Sources */,
				C0E3045E1346349900C56C1A /* SearcherController.mm in Sources */,
				C0E3045F1346349900C56C1A /* TrainerIDSearcherController.mm in Sources */,
				C0E304621346349900C56C1A /* VertResizeOnlyWindowController.m in Sources */,
				C0E304631346349900C56C1A /* WonderCardSeedInspectorController.mm in Sources */,
				C0E304641346349900C56C1A /* WonderCardSeedSearcherController.mm in Sources */,
				C0DAED071356A9CC008D00D5 /* TrainerIDSearcher.cpp in Sources */,
				C0D1A3B8136C2C3100D6E2DA /* Utilities.mm in Sources */,
				C0821492136D311200B6E0E5 /* HashedSeedInspectorFramesTabController.mm in Sources */,
				C08214B5136D373800B6E0E5 /* HashedSeedInspectorAdjacentsTabController.mm in Sources */,
				C08214C4136D3C5600B6E0E5 /* HashedSeedInspectorEggsTabController.mm in Sources */,
				C0821518136EE9F600B6E0E5 /* TrainerIDFormatter.m in Sources */,
				C08215661372F4FF00B6E0E5 /* EggSeedSearcher.cpp in Sources */,
				C082156D1375923500B6E0E5 /* EggSeedSearcherController.mm in Sources */,
				C082189F13895C1D00B6E0E5 /* MersenneTwisterRNG.cpp in Sources */,
				C0A0AD1B1423B9AB008C67F0 /* Gen4SeedInspectorController.mm in Sources */,
				C0FA492C14433018004DA9A3 /* Gen4ConfigurationEditController.mm in Sources */,
				C0B53D011451CEBC00C62866 /* Gen4QuickSeedSearcher.cpp in Sources */,
				C05B870114626E42009166E0 /* HashedSeedMessage.cpp in Sources */,
				C03B40FE1463D21100AD59B0 /* Gen4ConfigurationController.mm in Sources */,
				C0DA49A41507B1AB0011A473 /* ElementTransformer.mm in Sources */,
				C0DA49A51507B1AB0011A473 /* NatureTransformer.mm in Sources */,
				C0DA49BD1507B4CC0011A473 /* AbilityTransformer.mm in Sources */,
				C0DA49BE1507B4CC0011A473 /* ButtonsTransformer.mm in Sources */,
				C0DA49BF1507B4CC0011A473 /* CharacteristicTransformer.mm in Sources */,
				C0DA49C01507B4CC0011A473 /* UInt32DateTransformer.mm in Sources */,
				C0DA49C11507B4CC0011A473 /* EncounterLeadTransformer.mm in Sources */,
				C0DA49C21507B4CC0011A473 /* EncounterSlotTransformer.mm in Sources */,
				C0DA49C31507B4CC0011A473 /* GenderTransformer.mm in Sources */,
				C0DA49C41507B4CC0011A473 /* UInt32TimeTransformer.mm in Sources */,
				C0DA4C1A150C6B290011A473 /* SearchResultProtocols.mm in Sources */,
				C0DA4C74150CF4760011A473 /* HeldItemTransformer.mm in Sources */,
				C0DA4C8B150CF7770011A473 /* ShinyTransformer.mm in Sources */,
				C0DA4D48150E4ADA0011A473 /* ChatotPitchTransformer.mm in Sources */,
				C0DA4F6315149BAB0011A473 /* BoolToCheckmarkTransformer.mm in Sources */,
				C0DA5AB2152597F30011A473 /* CoinFlipsTransformer.mm in Sources */,
				C0DA5AB3152597F30011A473 /* DSTypeTransformer.mm in Sources */,
				C0DA5AB61525980B0011A473 /* HGSSRoamerLocationsTransformer.m in Sources */,
				C0DA5AB9152598140011A473 /* ProfElmResponsesTransformer.mm in Sources */,
				C0DA5ABC152598220011A473 /* VersionTransformer.mm in Sources */,
				C0DA5ACA15259C630011A473 /* StandardSeedInspectorController.mm in Sources */,
				C0F864FF1529DB7A00E4FA89 /* CGearNatureSearcher.cpp in Sources */,
				C0F6D6E015405F74007C58D1 /* Gen4EggPIDSeedSearcher.cpp in Sources */,
				C0F6D7A315444BED007C58D1 /* Gen4EggPIDSeedSearcherController.mm in Sources */,
				C0F6D87615483DCE007C58D1 /* Gen4EggIVSeedSearcherController.mm in Sources */,
				C0F6D87D15483FC0007C58D1 /* Gen4EggIVSeedSearcher.cpp in Sources */,
				C0238B3B15A08D250075C7D5 /* DreamRadarSeedSearcher.cpp in Sources */,
				C0238B4215A09AE00075C7D5 /* DreamRadarSeedSearcherController.mm in Sources */,
				C0238E6115AF288A0075C7D5 /* DreamRadarSeedInspectorController.mm in Sources */,
				C0238E8E15AF42D50075C7D5 /* SpinnerSequenceTransformer.mm in Sources */,
				C02390D815B5A1910075C7D5 /* HiddenHollowSpawnSeedSearcher.cpp in Sources */,
				C023910B15B5C2880075C7D5 /* HiddenHollowSpawnSeedSearcherController.mm in Sources */,
				C023915815B5CA5B0075C7D5 /* HiddenHollowSlotTransformer.mm in Sources */,
				C023953B15C1F7D50075C7D5 /* HiddenHollowGroupTransformer.mm in Sources */,
				C023966E15C81CCC0075C7D5 /* IVSeedCache.cpp in Sources */,
				C0AD806A15D3F6A300D8B07E /* B2W2ParameterSearcherController.mm in Sources */,
			);
			runOnlyForDeploymentPostprocessing = 0;
		};
/* End PBXSourcesBuildPhase section */

/* Begin PBXVariantGroup section */
		089C165CFE840E0CC02AAC07 /* InfoPlist.strings */ = {
			isa = PBXVariantGroup;
			children = (
				089C165DFE840E0CC02AAC07 /* English */,
			);
			name = InfoPlist.strings;
			sourceTree = "<group>";
		};
		C0238B27159FFF1F0075C7D5 /* DreamRadarSeedSearcher.nib */ = {
			isa = PBXVariantGroup;
			children = (
				C0238B28159FFF1F0075C7D5 /* English */,
			);
			name = DreamRadarSeedSearcher.nib;
			sourceTree = "<group>";
		};
		C0238E5715AF219C0075C7D5 /* DreamRadarSeedInspector.nib */ = {
			isa = PBXVariantGroup;
			children = (
				C0238E5815AF219C0075C7D5 /* English */,
			);
			name = DreamRadarSeedInspector.nib;
			sourceTree = "<group>";
		};
		C02390E015B5A1DA0075C7D5 /* HiddenHollowSpawnSeedSearcher.nib */ = {
			isa = PBXVariantGroup;
			children = (
				C02390E115B5A1DA0075C7D5 /* English */,
			);
			name = HiddenHollowSpawnSeedSearcher.nib;
			sourceTree = "<group>";
		};
		C0AA903214B4A7E4003EC28F /* CGearSeedInspector.nib */ = {
			isa = PBXVariantGroup;
			children = (
				C0AA903314B4A7E4003EC28F /* English */,
			);
			name = CGearSeedInspector.nib;
			sourceTree = "<group>";
		};
		C0AA903414B4A7E4003EC28F /* CGearSeedSearcher.nib */ = {
			isa = PBXVariantGroup;
			children = (
				C0AA903514B4A7E4003EC28F /* English */,
			);
			name = CGearSeedSearcher.nib;
			sourceTree = "<group>";
		};
		C0AA903614B4A7E4003EC28F /* DSParameterSearcher.nib */ = {
			isa = PBXVariantGroup;
			children = (
				C0AA903714B4A7E4003EC28F /* English */,
			);
			name = DSParameterSearcher.nib;
			sourceTree = "<group>";
		};
		C0AA903814B4A7E4003EC28F /* EggSeedSearcher.nib */ = {
			isa = PBXVariantGroup;
			children = (
				C0AA903914B4A7E4003EC28F /* English */,
			);
			name = EggSeedSearcher.nib;
			sourceTree = "<group>";
		};
		C0AA903A14B4A7E4003EC28F /* Gen4Configuration.nib */ = {
			isa = PBXVariantGroup;
			children = (
				C0AA903B14B4A7E4003EC28F /* English */,
			);
			name = Gen4Configuration.nib;
			sourceTree = "<group>";
		};
		C0AA903C14B4A7E4003EC28F /* Gen4SeedInspector.nib */ = {
			isa = PBXVariantGroup;
			children = (
				C0AA903D14B4A7E4003EC28F /* English */,
			);
			name = Gen4SeedInspector.nib;
			sourceTree = "<group>";
		};
		C0AA903E14B4A7E4003EC28F /* Gen4SeedSearcher.nib */ = {
			isa = PBXVariantGroup;
			children = (
				C0AA903F14B4A7E4003EC28F /* English */,
			);
			name = Gen4SeedSearcher.nib;
			sourceTree = "<group>";
		};
		C0AA904014B4A7E4003EC28F /* Gen5Configuration.nib */ = {
			isa = PBXVariantGroup;
			children = (
				C0AA904114B4A7E4003EC28F /* English */,
			);
			name = Gen5Configuration.nib;
			sourceTree = "<group>";
		};
		C0AA904214B4A7E4003EC28F /* HashedSeedInspector.nib */ = {
			isa = PBXVariantGroup;
			children = (
				C0AA904314B4A7E4003EC28F /* English */,
			);
			name = HashedSeedInspector.nib;
			sourceTree = "<group>";
		};
		C0AA904414B4A7E4003EC28F /* HashedSeedSearcher.nib */ = {
			isa = PBXVariantGroup;
			children = (
				C0AA904514B4A7E4003EC28F /* English */,
			);
			name = HashedSeedSearcher.nib;
			sourceTree = "<group>";
		};
		C0AA904614B4A7E4003EC28F /* Launcher.nib */ = {
			isa = PBXVariantGroup;
			children = (
				C0AA904714B4A7E4003EC28F /* English */,
			);
			name = Launcher.nib;
			sourceTree = "<group>";
		};
		C0AA904814B4A7E4003EC28F /* MainMenu.nib */ = {
			isa = PBXVariantGroup;
			children = (
				C0AA904914B4A7E4003EC28F /* English */,
			);
			name = MainMenu.nib;
			sourceTree = "<group>";
		};
		C0AA904A14B4A7E4003EC28F /* TrainerIDSearcher.nib */ = {
			isa = PBXVariantGroup;
			children = (
				C0AA904B14B4A7E4003EC28F /* English */,
			);
			name = TrainerIDSearcher.nib;
			sourceTree = "<group>";
		};
		C0AA904C14B4A7E4003EC28F /* WonderCardSeedInspector.nib */ = {
			isa = PBXVariantGroup;
			children = (
				C0AA904D14B4A7E4003EC28F /* English */,
			);
			name = WonderCardSeedInspector.nib;
			sourceTree = "<group>";
		};
		C0AA904E14B4A7E4003EC28F /* WonderCardSeedSearcher.nib */ = {
			isa = PBXVariantGroup;
			children = (
				C0AA904F14B4A7E4003EC28F /* English */,
			);
			name = WonderCardSeedSearcher.nib;
			sourceTree = "<group>";
		};
		C0AD806415D3F3DB00D8B07E /* B2W2ParameterSearcher.nib */ = {
			isa = PBXVariantGroup;
			children = (
				C0AD806515D3F3DB00D8B07E /* English */,
			);
			name = B2W2ParameterSearcher.nib;
			sourceTree = "<group>";
		};
		C0F6D79B15444B9F007C58D1 /* Gen4EggPIDSeedSearcher.nib */ = {
			isa = PBXVariantGroup;
			children = (
				C0F6D79C15444B9F007C58D1 /* English */,
			);
			name = Gen4EggPIDSeedSearcher.nib;
			sourceTree = "<group>";
		};
		C0F6D79E15444BB6007C58D1 /* Gen4EggIVSeedSearcher.nib */ = {
			isa = PBXVariantGroup;
			children = (
				C0F6D79F15444BB6007C58D1 /* English */,
			);
			name = Gen4EggIVSeedSearcher.nib;
			sourceTree = "<group>";
		};
/* End PBXVariantGroup section */

/* Begin XCBuildConfiguration section */
		C01FCF4B08A954540054247B /* Debug */ = {
			isa = XCBuildConfiguration;
			buildSettings = {
				COPY_PHASE_STRIP = NO;
				GCC_DYNAMIC_NO_PIC = NO;
				GCC_ENABLE_FIX_AND_CONTINUE = YES;
				GCC_MODEL_TUNING = G5;
				GCC_OPTIMIZATION_LEVEL = 0;
				GCC_PRECOMPILE_PREFIX_HEADER = YES;
				GCC_PREFIX_HEADER = PPRNG_Prefix.pch;
				INFOPLIST_FILE = Info.plist;
				INSTALL_PATH = "$(HOME)/Applications";
				LIBRARY_SEARCH_PATHS = "$(inherited)";
				PRODUCT_NAME = PPRNG;
				WRAPPER_EXTENSION = app;
				ZERO_LINK = YES;
			};
			name = Debug;
		};
		C01FCF4C08A954540054247B /* Release */ = {
			isa = XCBuildConfiguration;
			buildSettings = {
				DEBUG_INFORMATION_FORMAT = "dwarf-with-dsym";
				GCC_MODEL_TUNING = G5;
				GCC_PRECOMPILE_PREFIX_HEADER = YES;
				GCC_PREFIX_HEADER = PPRNG_Prefix.pch;
				INFOPLIST_FILE = Info.plist;
				INSTALL_PATH = "$(HOME)/Applications";
				LIBRARY_SEARCH_PATHS = "$(inherited)";
				PRODUCT_NAME = PPRNG;
				WRAPPER_EXTENSION = app;
			};
			name = Release;
		};
		C01FCF4F08A954540054247B /* Debug */ = {
			isa = XCBuildConfiguration;
			buildSettings = {
				ALWAYS_SEARCH_USER_PATHS = NO;
				GCC_ENABLE_OBJC_GC = required;
				GCC_SYMBOLS_PRIVATE_EXTERN = NO;
				GCC_WARN_ABOUT_RETURN_TYPE = YES;
				GCC_WARN_UNUSED_VARIABLE = YES;
				HEADER_SEARCH_PATHS = "~/Programming/3rd_party/include";
				LIBRARY_SEARCH_PATHS = "~/Programming/3rd_party/lib";
				OTHER_LDFLAGS = "-lboost_thread-mt-d";
				PREBINDING = NO;
				SDKROOT = "$(DEVELOPER_SDK_DIR)/MacOSX10.5.sdk";
			};
			name = Debug;
		};
		C01FCF5008A954540054247B /* Release */ = {
			isa = XCBuildConfiguration;
			buildSettings = {
				ALWAYS_SEARCH_USER_PATHS = NO;
				ARCHS = (
					ppc,
					i386,
				);
				GCC_ENABLE_OBJC_GC = required;
				GCC_SYMBOLS_PRIVATE_EXTERN = NO;
				GCC_WARN_ABOUT_RETURN_TYPE = YES;
				GCC_WARN_UNUSED_VARIABLE = YES;
				HEADER_SEARCH_PATHS = "~/Programming/3rd_party/include";
				LIBRARY_SEARCH_PATHS = "~/Programming/3rd_party/lib";
				OTHER_LDFLAGS = "-lboost_thread-mt";
				PREBINDING = NO;
				SDKROOT = "$(DEVELOPER_SDK_DIR)/MacOSX10.5.sdk";
			};
			name = Release;
		};
/* End XCBuildConfiguration section */

/* Begin XCConfigurationList section */
		C01FCF4A08A954540054247B /* Build configuration list for PBXNativeTarget "PPRNG" */ = {
			isa = XCConfigurationList;
			buildConfigurations = (
				C01FCF4B08A954540054247B /* Debug */,
				C01FCF4C08A954540054247B /* Release */,
			);
			defaultConfigurationIsVisible = 0;
			defaultConfigurationName = Release;
		};
		C01FCF4E08A954540054247B /* Build configuration list for PBXProject "PPRNG" */ = {
			isa = XCConfigurationList;
			buildConfigurations = (
				C01FCF4F08A954540054247B /* Debug */,
				C01FCF5008A954540054247B /* Release */,
			);
			defaultConfigurationIsVisible = 0;
			defaultConfigurationName = Release;
		};
/* End XCConfigurationList section */
	};
	rootObject = 29B97313FDCFA39411CA2CEA /* Project object */;
}
